// !$*UTF8*$!
{
	archiveVersion = 1;
	classes = {
	};
	objectVersion = 46;
	objects = {

/* Begin PBXBuildFile section */
		650123711E375B87007A12AD /* Alamofire.framework in Frameworks */ = {isa = PBXBuildFile; fileRef = 650123701E375B87007A12AD /* Alamofire.framework */; };
		650123721E375B87007A12AD /* Alamofire.framework in Embed Frameworks */ = {isa = PBXBuildFile; fileRef = 650123701E375B87007A12AD /* Alamofire.framework */; settings = {ATTRIBUTES = (CodeSignOnCopy, RemoveHeadersOnCopy, ); }; };
		650123741E375B8F007A12AD /* AlamofireImage.framework in Frameworks */ = {isa = PBXBuildFile; fileRef = 650123731E375B8F007A12AD /* AlamofireImage.framework */; };
		650123751E375B8F007A12AD /* AlamofireImage.framework in Embed Frameworks */ = {isa = PBXBuildFile; fileRef = 650123731E375B8F007A12AD /* AlamofireImage.framework */; settings = {ATTRIBUTES = (CodeSignOnCopy, RemoveHeadersOnCopy, ); }; };
		650123771E375CBB007A12AD /* CellBuilder.swift in Sources */ = {isa = PBXBuildFile; fileRef = 650123761E375CBB007A12AD /* CellBuilder.swift */; };
		650123791E3762DE007A12AD /* GetUrl.swift in Sources */ = {isa = PBXBuildFile; fileRef = 650123781E3762DE007A12AD /* GetUrl.swift */; };
		652692011E51FC4500A32CF6 /* TabBar.swift in Sources */ = {isa = PBXBuildFile; fileRef = 652692001E51FC4400A32CF6 /* TabBar.swift */; };
		652692031E5228AE00A32CF6 /* Alert.swift in Sources */ = {isa = PBXBuildFile; fileRef = 652692021E5228AE00A32CF6 /* Alert.swift */; };
		652692051E530A0000A32CF6 /* SaveDeleteButton.swift in Sources */ = {isa = PBXBuildFile; fileRef = 652692041E530A0000A32CF6 /* SaveDeleteButton.swift */; };
		652692071E5319FD00A32CF6 /* Reachability.swift in Sources */ = {isa = PBXBuildFile; fileRef = 652692061E5319FD00A32CF6 /* Reachability.swift */; };
		652692091E5340AB00A32CF6 /* CachedGame.swift in Sources */ = {isa = PBXBuildFile; fileRef = 652692081E5340AB00A32CF6 /* CachedGame.swift */; };
		652934931E37969300D2F9ED /* CoverViewController.swift in Sources */ = {isa = PBXBuildFile; fileRef = 652934911E37969300D2F9ED /* CoverViewController.swift */; };
		652934941E37969300D2F9ED /* CoverViewController.xib in Resources */ = {isa = PBXBuildFile; fileRef = 652934921E37969300D2F9ED /* CoverViewController.xib */; };
		6529349A1E38CB4200D2F9ED /* SearchGamesTableViewController.swift in Sources */ = {isa = PBXBuildFile; fileRef = 652934981E38CB4200D2F9ED /* SearchGamesTableViewController.swift */; };
		6529349B1E38CB4200D2F9ED /* SearchGamesTableViewController.xib in Resources */ = {isa = PBXBuildFile; fileRef = 652934991E38CB4200D2F9ED /* SearchGamesTableViewController.xib */; };
		6529349F1E39F4B200D2F9ED /* ActivityIndicator.swift in Sources */ = {isa = PBXBuildFile; fileRef = 6529349E1E39F4B200D2F9ED /* ActivityIndicator.swift */; };
		6541CBAD1E3B90E60071C711 /* Companies.swift in Sources */ = {isa = PBXBuildFile; fileRef = 6541CBAC1E3B90E60071C711 /* Companies.swift */; };
		6541CBC41E3F4FEC0071C711 /* GameData.xcdatamodeld in Sources */ = {isa = PBXBuildFile; fileRef = 6541CBC21E3F4FEC0071C711 /* GameData.xcdatamodeld */; };
		6541CBE71E3F75280071C711 /* Platform.swift in Sources */ = {isa = PBXBuildFile; fileRef = 6541CBE61E3F75280071C711 /* Platform.swift */; };
		6541CBEC1E3FA5770071C711 /* ColorInterface.swift in Sources */ = {isa = PBXBuildFile; fileRef = 6541CBEB1E3FA5770071C711 /* ColorInterface.swift */; };
		6541CBEF1E40A53D0071C711 /* ScreenshotsTableViewCell.swift in Sources */ = {isa = PBXBuildFile; fileRef = 6541CBED1E40A53D0071C711 /* ScreenshotsTableViewCell.swift */; };
		6541CBF01E40A53D0071C711 /* ScreenshotsTableViewCell.xib in Resources */ = {isa = PBXBuildFile; fileRef = 6541CBEE1E40A53D0071C711 /* ScreenshotsTableViewCell.xib */; };
		654BF6E51E27F12900A82610 /* Game.swift in Sources */ = {isa = PBXBuildFile; fileRef = 654BF6E41E27F12900A82610 /* Game.swift */; };
		654BF6E81E27F55900A82610 /* GameTableViewController.swift in Sources */ = {isa = PBXBuildFile; fileRef = 654BF6E61E27F55900A82610 /* GameTableViewController.swift */; };
		654BF6E91E27F55900A82610 /* GameTableViewController.xib in Resources */ = {isa = PBXBuildFile; fileRef = 654BF6E71E27F55900A82610 /* GameTableViewController.xib */; };
		654BF6F01E28E6E500A82610 /* GameCellTableViewCell.swift in Sources */ = {isa = PBXBuildFile; fileRef = 654BF6EE1E28E6E500A82610 /* GameCellTableViewCell.swift */; };
		654BF6F11E28E6E500A82610 /* GameCellTableViewCell.xib in Resources */ = {isa = PBXBuildFile; fileRef = 654BF6EF1E28E6E500A82610 /* GameCellTableViewCell.xib */; };
		654BF7001E29343E00A82610 /* Argo.framework in Frameworks */ = {isa = PBXBuildFile; fileRef = 654BF6FF1E29343E00A82610 /* Argo.framework */; };
		654BF7011E29343E00A82610 /* Argo.framework in Embed Frameworks */ = {isa = PBXBuildFile; fileRef = 654BF6FF1E29343E00A82610 /* Argo.framework */; settings = {ATTRIBUTES = (CodeSignOnCopy, RemoveHeadersOnCopy, ); }; };
		654BF7041E29344700A82610 /* Runes.framework in Frameworks */ = {isa = PBXBuildFile; fileRef = 654BF7031E29344700A82610 /* Runes.framework */; };
		654BF7051E29344700A82610 /* Runes.framework in Embed Frameworks */ = {isa = PBXBuildFile; fileRef = 654BF7031E29344700A82610 /* Runes.framework */; settings = {ATTRIBUTES = (CodeSignOnCopy, RemoveHeadersOnCopy, ); }; };
		654BF7071E29344B00A82610 /* Curry.framework in Frameworks */ = {isa = PBXBuildFile; fileRef = 654BF7061E29344B00A82610 /* Curry.framework */; };
		654BF7081E29344B00A82610 /* Curry.framework in Embed Frameworks */ = {isa = PBXBuildFile; fileRef = 654BF7061E29344B00A82610 /* Curry.framework */; settings = {ATTRIBUTES = (CodeSignOnCopy, RemoveHeadersOnCopy, ); }; };
		655564DC1E4345820022C87F /* ReleaseDateTableViewController.swift in Sources */ = {isa = PBXBuildFile; fileRef = 655564DA1E4345820022C87F /* ReleaseDateTableViewController.swift */; };
		655564DD1E4345820022C87F /* ReleaseDateTableViewController.xib in Resources */ = {isa = PBXBuildFile; fileRef = 655564DB1E4345820022C87F /* ReleaseDateTableViewController.xib */; };
		655564E01E4345A10022C87F /* GenresTableViewController.swift in Sources */ = {isa = PBXBuildFile; fileRef = 655564DE1E4345A10022C87F /* GenresTableViewController.swift */; };
		655564E11E4345A10022C87F /* GenresTableViewController.xib in Resources */ = {isa = PBXBuildFile; fileRef = 655564DF1E4345A10022C87F /* GenresTableViewController.xib */; };
		655564E61E4346EF0022C87F /* ReleaseDateTableViewCell.swift in Sources */ = {isa = PBXBuildFile; fileRef = 655564E41E4346EF0022C87F /* ReleaseDateTableViewCell.swift */; };
		655564E71E4346EF0022C87F /* ReleaseDateTableViewCell.xib in Resources */ = {isa = PBXBuildFile; fileRef = 655564E51E4346EF0022C87F /* ReleaseDateTableViewCell.xib */; };
		655564EA1E43471F0022C87F /* IGDB.swift in Sources */ = {isa = PBXBuildFile; fileRef = 655564E91E43471F0022C87F /* IGDB.swift */; };
		655565101E44A6C70022C87F /* RelatedTableViewController.swift in Sources */ = {isa = PBXBuildFile; fileRef = 6555650E1E44A6C60022C87F /* RelatedTableViewController.swift */; };
		655565111E44A6C70022C87F /* RelatedTableViewController.xib in Resources */ = {isa = PBXBuildFile; fileRef = 6555650F1E44A6C70022C87F /* RelatedTableViewController.xib */; };
		655565181E44A78D0022C87F /* RelatedInDescriptionTableViewCell.swift in Sources */ = {isa = PBXBuildFile; fileRef = 655565161E44A78D0022C87F /* RelatedInDescriptionTableViewCell.swift */; };
		655565191E44A78D0022C87F /* RelatedInDescriptionTableViewCell.xib in Resources */ = {isa = PBXBuildFile; fileRef = 655565171E44A78D0022C87F /* RelatedInDescriptionTableViewCell.xib */; };
		656763451E2FEB650095AFAD /* DecodeJSON.swift in Sources */ = {isa = PBXBuildFile; fileRef = 656763441E2FEB650095AFAD /* DecodeJSON.swift */; };
		656C38FF1E27D1FC0095EDBC /* AppDelegate.swift in Sources */ = {isa = PBXBuildFile; fileRef = 656C38FE1E27D1FC0095EDBC /* AppDelegate.swift */; };
		656C39011E27D1FC0095EDBC /* About.swift in Sources */ = {isa = PBXBuildFile; fileRef = 656C39001E27D1FC0095EDBC /* About.swift */; };
		656C39061E27D1FC0095EDBC /* Assets.xcassets in Resources */ = {isa = PBXBuildFile; fileRef = 656C39051E27D1FC0095EDBC /* Assets.xcassets */; };
		656C39091E27D1FC0095EDBC /* LaunchScreen.storyboard in Resources */ = {isa = PBXBuildFile; fileRef = 656C39071E27D1FC0095EDBC /* LaunchScreen.storyboard */; };
		656C39111E27E2DF0095EDBC /* About.xib in Resources */ = {isa = PBXBuildFile; fileRef = 656C39101E27E2DF0095EDBC /* About.xib */; };
		658257A01E4C6760004AD4C6 /* VideosTableViewCell.swift in Sources */ = {isa = PBXBuildFile; fileRef = 6582579E1E4C6760004AD4C6 /* VideosTableViewCell.swift */; };
		658257A11E4C6760004AD4C6 /* VideosTableViewCell.xib in Resources */ = {isa = PBXBuildFile; fileRef = 6582579F1E4C6760004AD4C6 /* VideosTableViewCell.xib */; };
		659D26DE1E571C4C004DF1B5 /* CoverHDTableViewCell.swift in Sources */ = {isa = PBXBuildFile; fileRef = 659D26DC1E571C4C004DF1B5 /* CoverHDTableViewCell.swift */; };
		659D26DF1E571C4C004DF1B5 /* CoverHDTableViewCell.xib in Resources */ = {isa = PBXBuildFile; fileRef = 659D26DD1E571C4C004DF1B5 /* CoverHDTableViewCell.xib */; };
		659D26E31E575D72004DF1B5 /* HeightofRaw.swift in Sources */ = {isa = PBXBuildFile; fileRef = 659D26E21E575D72004DF1B5 /* HeightofRaw.swift */; };
		65B2DEF61E2CEA0900C3DE70 /* GameDescriptionTableViewController.swift in Sources */ = {isa = PBXBuildFile; fileRef = 65B2DEF41E2CEA0900C3DE70 /* GameDescriptionTableViewController.swift */; };
		65B2DEF71E2CEA0900C3DE70 /* GameDescriptionTableViewController.xib in Resources */ = {isa = PBXBuildFile; fileRef = 65B2DEF51E2CEA0900C3DE70 /* GameDescriptionTableViewController.xib */; };
		65B2DEFC1E2CFC2100C3DE70 /* CoverTableViewCell.swift in Sources */ = {isa = PBXBuildFile; fileRef = 65B2DEFA1E2CFC2100C3DE70 /* CoverTableViewCell.swift */; };
		65B2DEFD1E2CFC2100C3DE70 /* CoverTableViewCell.xib in Resources */ = {isa = PBXBuildFile; fileRef = 65B2DEFB1E2CFC2100C3DE70 /* CoverTableViewCell.xib */; };
		65B2DF001E2CFD2900C3DE70 /* SummaryTableViewCell.swift in Sources */ = {isa = PBXBuildFile; fileRef = 65B2DEFE1E2CFD2900C3DE70 /* SummaryTableViewCell.swift */; };
		65B2DF011E2CFD2900C3DE70 /* SummaryTableViewCell.xib in Resources */ = {isa = PBXBuildFile; fileRef = 65B2DEFF1E2CFD2900C3DE70 /* SummaryTableViewCell.xib */; };
		65B2DF041E2CFE9B00C3DE70 /* CompanyTableViewCell.swift in Sources */ = {isa = PBXBuildFile; fileRef = 65B2DF021E2CFE9B00C3DE70 /* CompanyTableViewCell.swift */; };
		65B2DF051E2CFE9B00C3DE70 /* CompanyTableViewCell.xib in Resources */ = {isa = PBXBuildFile; fileRef = 65B2DF031E2CFE9B00C3DE70 /* CompanyTableViewCell.xib */; };
		65B2DF081E2CFFA200C3DE70 /* PublishedTableViewCell.swift in Sources */ = {isa = PBXBuildFile; fileRef = 65B2DF061E2CFFA200C3DE70 /* PublishedTableViewCell.swift */; };
		65B2DF091E2CFFA200C3DE70 /* PublishedTableViewCell.xib in Resources */ = {isa = PBXBuildFile; fileRef = 65B2DF071E2CFFA200C3DE70 /* PublishedTableViewCell.xib */; };
		65B2DF0C1E2D009500C3DE70 /* PlatformTableViewCell.swift in Sources */ = {isa = PBXBuildFile; fileRef = 65B2DF0A1E2D009500C3DE70 /* PlatformTableViewCell.swift */; };
		65B2DF0D1E2D009500C3DE70 /* PlatformTableViewCell.xib in Resources */ = {isa = PBXBuildFile; fileRef = 65B2DF0B1E2D009500C3DE70 /* PlatformTableViewCell.xib */; };
		65B2DF141E2D036D00C3DE70 /* RatingTableViewCell.swift in Sources */ = {isa = PBXBuildFile; fileRef = 65B2DF121E2D036D00C3DE70 /* RatingTableViewCell.swift */; };
		65B2DF151E2D036D00C3DE70 /* RatingTableViewCell.xib in Resources */ = {isa = PBXBuildFile; fileRef = 65B2DF131E2D036D00C3DE70 /* RatingTableViewCell.xib */; };
		65B395B31E40E6C500E373B3 /* FavouriteTableViewController.swift in Sources */ = {isa = PBXBuildFile; fileRef = 65B395B11E40E6C500E373B3 /* FavouriteTableViewController.swift */; };
		65B395B41E40E6C500E373B3 /* FavouriteTableViewController.xib in Resources */ = {isa = PBXBuildFile; fileRef = 65B395B21E40E6C500E373B3 /* FavouriteTableViewController.xib */; };
		65B395BA1E40E73500E373B3 /* FavouriteDescriptionTableViewController.swift in Sources */ = {isa = PBXBuildFile; fileRef = 65B395B81E40E73500E373B3 /* FavouriteDescriptionTableViewController.swift */; };
		65B395BB1E40E73500E373B3 /* FavouriteDescriptionTableViewController.xib in Resources */ = {isa = PBXBuildFile; fileRef = 65B395B91E40E73500E373B3 /* FavouriteDescriptionTableViewController.xib */; };
		65B395BD1E40EC6300E373B3 /* SaveFavouriteGame.swift in Sources */ = {isa = PBXBuildFile; fileRef = 65B395BC1E40EC6300E373B3 /* SaveFavouriteGame.swift */; };
		65B395C01E42465300E373B3 /* GenreTableViewCell.swift in Sources */ = {isa = PBXBuildFile; fileRef = 65B395BE1E42465300E373B3 /* GenreTableViewCell.swift */; };
		65B395C11E42465300E373B3 /* GenreTableViewCell.xib in Resources */ = {isa = PBXBuildFile; fileRef = 65B395BF1E42465300E373B3 /* GenreTableViewCell.xib */; };
		65B395C41E42468800E373B3 /* GameModesTableViewCell.swift in Sources */ = {isa = PBXBuildFile; fileRef = 65B395C21E42468800E373B3 /* GameModesTableViewCell.swift */; };
		65B395C51E42468800E373B3 /* GameModesTableViewCell.xib in Resources */ = {isa = PBXBuildFile; fileRef = 65B395C31E42468800E373B3 /* GameModesTableViewCell.xib */; };
		65B395C71E42575B00E373B3 /* Genre.swift in Sources */ = {isa = PBXBuildFile; fileRef = 65B395C61E42575B00E373B3 /* Genre.swift */; };
		65B395C91E42576500E373B3 /* GameModes.swift in Sources */ = {isa = PBXBuildFile; fileRef = 65B395C81E42576500E373B3 /* GameModes.swift */; };
		65CC9D941E5ECBC000B5377C /* VideoCollectionViewCell.swift in Sources */ = {isa = PBXBuildFile; fileRef = 65CC9D921E5ECBC000B5377C /* VideoCollectionViewCell.swift */; };
		65CC9D951E5ECBC000B5377C /* VideoCollectionViewCell.xib in Resources */ = {isa = PBXBuildFile; fileRef = 65CC9D931E5ECBC000B5377C /* VideoCollectionViewCell.xib */; };
		65CC9D981E5ECBD400B5377C /* VideoCollectionViewController.swift in Sources */ = {isa = PBXBuildFile; fileRef = 65CC9D961E5ECBD400B5377C /* VideoCollectionViewController.swift */; };
		65CC9D991E5ECBD400B5377C /* VideoCollectionViewController.xib in Resources */ = {isa = PBXBuildFile; fileRef = 65CC9D971E5ECBD400B5377C /* VideoCollectionViewController.xib */; };
		65CD7AD31E5DB1F7004DCBAD /* RandomElementFromArray.swift in Sources */ = {isa = PBXBuildFile; fileRef = 65CD7AD21E5DB1F7004DCBAD /* RandomElementFromArray.swift */; };
		65CD7AD71E5DC7F1004DCBAD /* ScreenshotsCollectionViewController.swift in Sources */ = {isa = PBXBuildFile; fileRef = 65CD7AD51E5DC7F1004DCBAD /* ScreenshotsCollectionViewController.swift */; };
		65CD7AD81E5DC7F1004DCBAD /* ScreenshotsCollectionViewController.xib in Resources */ = {isa = PBXBuildFile; fileRef = 65CD7AD61E5DC7F1004DCBAD /* ScreenshotsCollectionViewController.xib */; };
		65CD7ADB1E5DC80A004DCBAD /* ScreenshotCollectionViewCell.swift in Sources */ = {isa = PBXBuildFile; fileRef = 65CD7AD91E5DC80A004DCBAD /* ScreenshotCollectionViewCell.swift */; };
		65CD7ADC1E5DC80A004DCBAD /* ScreenshotCollectionViewCell.xib in Resources */ = {isa = PBXBuildFile; fileRef = 65CD7ADA1E5DC80A004DCBAD /* ScreenshotCollectionViewCell.xib */; };
/* End PBXBuildFile section */

/* Begin PBXCopyFilesBuildPhase section */
		654BF7021E29343E00A82610 /* Embed Frameworks */ = {
			isa = PBXCopyFilesBuildPhase;
			buildActionMask = 2147483647;
			dstPath = "";
			dstSubfolderSpec = 10;
			files = (
				654BF7051E29344700A82610 /* Runes.framework in Embed Frameworks */,
				650123751E375B8F007A12AD /* AlamofireImage.framework in Embed Frameworks */,
				654BF7011E29343E00A82610 /* Argo.framework in Embed Frameworks */,
				654BF7081E29344B00A82610 /* Curry.framework in Embed Frameworks */,
				650123721E375B87007A12AD /* Alamofire.framework in Embed Frameworks */,
			);
			name = "Embed Frameworks";
			runOnlyForDeploymentPostprocessing = 0;
		};
/* End PBXCopyFilesBuildPhase section */

/* Begin PBXFileReference section */
		650123701E375B87007A12AD /* Alamofire.framework */ = {isa = PBXFileReference; lastKnownFileType = wrapper.framework; name = Alamofire.framework; path = Carthage/Build/iOS/Alamofire.framework; sourceTree = "<group>"; };
		650123731E375B8F007A12AD /* AlamofireImage.framework */ = {isa = PBXFileReference; lastKnownFileType = wrapper.framework; name = AlamofireImage.framework; path = Carthage/Build/iOS/AlamofireImage.framework; sourceTree = "<group>"; };
		650123761E375CBB007A12AD /* CellBuilder.swift */ = {isa = PBXFileReference; fileEncoding = 4; lastKnownFileType = sourcecode.swift; path = CellBuilder.swift; sourceTree = "<group>"; };
		650123781E3762DE007A12AD /* GetUrl.swift */ = {isa = PBXFileReference; fileEncoding = 4; lastKnownFileType = sourcecode.swift; path = GetUrl.swift; sourceTree = "<group>"; };
		652692001E51FC4400A32CF6 /* TabBar.swift */ = {isa = PBXFileReference; fileEncoding = 4; lastKnownFileType = sourcecode.swift; path = TabBar.swift; sourceTree = "<group>"; };
		652692021E5228AE00A32CF6 /* Alert.swift */ = {isa = PBXFileReference; fileEncoding = 4; lastKnownFileType = sourcecode.swift; path = Alert.swift; sourceTree = "<group>"; };
		652692041E530A0000A32CF6 /* SaveDeleteButton.swift */ = {isa = PBXFileReference; fileEncoding = 4; lastKnownFileType = sourcecode.swift; path = SaveDeleteButton.swift; sourceTree = "<group>"; };
		652692061E5319FD00A32CF6 /* Reachability.swift */ = {isa = PBXFileReference; fileEncoding = 4; lastKnownFileType = sourcecode.swift; path = Reachability.swift; sourceTree = "<group>"; };
		652692081E5340AB00A32CF6 /* CachedGame.swift */ = {isa = PBXFileReference; fileEncoding = 4; lastKnownFileType = sourcecode.swift; path = CachedGame.swift; sourceTree = "<group>"; };
		652934911E37969300D2F9ED /* CoverViewController.swift */ = {isa = PBXFileReference; fileEncoding = 4; lastKnownFileType = sourcecode.swift; path = CoverViewController.swift; sourceTree = "<group>"; };
		652934921E37969300D2F9ED /* CoverViewController.xib */ = {isa = PBXFileReference; fileEncoding = 4; lastKnownFileType = file.xib; path = CoverViewController.xib; sourceTree = "<group>"; };
		652934981E38CB4200D2F9ED /* SearchGamesTableViewController.swift */ = {isa = PBXFileReference; fileEncoding = 4; lastKnownFileType = sourcecode.swift; path = SearchGamesTableViewController.swift; sourceTree = "<group>"; };
		652934991E38CB4200D2F9ED /* SearchGamesTableViewController.xib */ = {isa = PBXFileReference; fileEncoding = 4; lastKnownFileType = file.xib; path = SearchGamesTableViewController.xib; sourceTree = "<group>"; };
		6529349E1E39F4B200D2F9ED /* ActivityIndicator.swift */ = {isa = PBXFileReference; fileEncoding = 4; lastKnownFileType = sourcecode.swift; path = ActivityIndicator.swift; sourceTree = "<group>"; };
		6541CBAC1E3B90E60071C711 /* Companies.swift */ = {isa = PBXFileReference; fileEncoding = 4; lastKnownFileType = sourcecode.swift; path = Companies.swift; sourceTree = "<group>"; };
		6541CBC31E3F4FEC0071C711 /* GameData.xcdatamodel */ = {isa = PBXFileReference; lastKnownFileType = wrapper.xcdatamodel; path = GameData.xcdatamodel; sourceTree = "<group>"; };
		6541CBE61E3F75280071C711 /* Platform.swift */ = {isa = PBXFileReference; fileEncoding = 4; lastKnownFileType = sourcecode.swift; path = Platform.swift; sourceTree = "<group>"; };
		6541CBEB1E3FA5770071C711 /* ColorInterface.swift */ = {isa = PBXFileReference; fileEncoding = 4; lastKnownFileType = sourcecode.swift; path = ColorInterface.swift; sourceTree = "<group>"; };
		6541CBED1E40A53D0071C711 /* ScreenshotsTableViewCell.swift */ = {isa = PBXFileReference; fileEncoding = 4; lastKnownFileType = sourcecode.swift; path = ScreenshotsTableViewCell.swift; sourceTree = "<group>"; };
		6541CBEE1E40A53D0071C711 /* ScreenshotsTableViewCell.xib */ = {isa = PBXFileReference; fileEncoding = 4; lastKnownFileType = file.xib; path = ScreenshotsTableViewCell.xib; sourceTree = "<group>"; };
		654BF6E41E27F12900A82610 /* Game.swift */ = {isa = PBXFileReference; fileEncoding = 4; lastKnownFileType = sourcecode.swift; path = Game.swift; sourceTree = "<group>"; };
		654BF6E61E27F55900A82610 /* GameTableViewController.swift */ = {isa = PBXFileReference; fileEncoding = 4; lastKnownFileType = sourcecode.swift; path = GameTableViewController.swift; sourceTree = "<group>"; };
		654BF6E71E27F55900A82610 /* GameTableViewController.xib */ = {isa = PBXFileReference; fileEncoding = 4; lastKnownFileType = file.xib; path = GameTableViewController.xib; sourceTree = "<group>"; };
		654BF6EE1E28E6E500A82610 /* GameCellTableViewCell.swift */ = {isa = PBXFileReference; fileEncoding = 4; lastKnownFileType = sourcecode.swift; path = GameCellTableViewCell.swift; sourceTree = "<group>"; };
		654BF6EF1E28E6E500A82610 /* GameCellTableViewCell.xib */ = {isa = PBXFileReference; fileEncoding = 4; lastKnownFileType = file.xib; path = GameCellTableViewCell.xib; sourceTree = "<group>"; };
		654BF6F31E29252000A82610 /* Runes.framework */ = {isa = PBXFileReference; lastKnownFileType = wrapper.framework; name = Runes.framework; path = Carthage/Build/iOS/Runes.framework; sourceTree = "<group>"; };
		654BF6F51E29252200A82610 /* Argo.framework */ = {isa = PBXFileReference; lastKnownFileType = wrapper.framework; name = Argo.framework; path = Carthage/Build/iOS/Argo.framework; sourceTree = "<group>"; };
		654BF6F71E29305D00A82610 /* Curry.framework */ = {isa = PBXFileReference; lastKnownFileType = wrapper.framework; name = Curry.framework; path = Carthage/Build/iOS/Curry.framework; sourceTree = "<group>"; };
		654BF6FF1E29343E00A82610 /* Argo.framework */ = {isa = PBXFileReference; lastKnownFileType = wrapper.framework; name = Argo.framework; path = Carthage/Build/iOS/Argo.framework; sourceTree = "<group>"; };
		654BF7031E29344700A82610 /* Runes.framework */ = {isa = PBXFileReference; lastKnownFileType = wrapper.framework; name = Runes.framework; path = Carthage/Build/iOS/Runes.framework; sourceTree = "<group>"; };
		654BF7061E29344B00A82610 /* Curry.framework */ = {isa = PBXFileReference; lastKnownFileType = wrapper.framework; name = Curry.framework; path = Carthage/Build/iOS/Curry.framework; sourceTree = "<group>"; };
		655564DA1E4345820022C87F /* ReleaseDateTableViewController.swift */ = {isa = PBXFileReference; fileEncoding = 4; lastKnownFileType = sourcecode.swift; path = ReleaseDateTableViewController.swift; sourceTree = "<group>"; };
		655564DB1E4345820022C87F /* ReleaseDateTableViewController.xib */ = {isa = PBXFileReference; fileEncoding = 4; lastKnownFileType = file.xib; path = ReleaseDateTableViewController.xib; sourceTree = "<group>"; };
		655564DE1E4345A10022C87F /* GenresTableViewController.swift */ = {isa = PBXFileReference; fileEncoding = 4; lastKnownFileType = sourcecode.swift; path = GenresTableViewController.swift; sourceTree = "<group>"; };
		655564DF1E4345A10022C87F /* GenresTableViewController.xib */ = {isa = PBXFileReference; fileEncoding = 4; lastKnownFileType = file.xib; path = GenresTableViewController.xib; sourceTree = "<group>"; };
		655564E41E4346EF0022C87F /* ReleaseDateTableViewCell.swift */ = {isa = PBXFileReference; fileEncoding = 4; lastKnownFileType = sourcecode.swift; path = ReleaseDateTableViewCell.swift; sourceTree = "<group>"; };
		655564E51E4346EF0022C87F /* ReleaseDateTableViewCell.xib */ = {isa = PBXFileReference; fileEncoding = 4; lastKnownFileType = file.xib; path = ReleaseDateTableViewCell.xib; sourceTree = "<group>"; };
		655564E91E43471F0022C87F /* IGDB.swift */ = {isa = PBXFileReference; fileEncoding = 4; lastKnownFileType = sourcecode.swift; path = IGDB.swift; sourceTree = "<group>"; };
		6555650E1E44A6C60022C87F /* RelatedTableViewController.swift */ = {isa = PBXFileReference; fileEncoding = 4; lastKnownFileType = sourcecode.swift; path = RelatedTableViewController.swift; sourceTree = "<group>"; };
		6555650F1E44A6C70022C87F /* RelatedTableViewController.xib */ = {isa = PBXFileReference; fileEncoding = 4; lastKnownFileType = file.xib; path = RelatedTableViewController.xib; sourceTree = "<group>"; };
		655565161E44A78D0022C87F /* RelatedInDescriptionTableViewCell.swift */ = {isa = PBXFileReference; fileEncoding = 4; lastKnownFileType = sourcecode.swift; path = RelatedInDescriptionTableViewCell.swift; sourceTree = "<group>"; };
		655565171E44A78D0022C87F /* RelatedInDescriptionTableViewCell.xib */ = {isa = PBXFileReference; fileEncoding = 4; lastKnownFileType = file.xib; path = RelatedInDescriptionTableViewCell.xib; sourceTree = "<group>"; };
		656763441E2FEB650095AFAD /* DecodeJSON.swift */ = {isa = PBXFileReference; fileEncoding = 4; lastKnownFileType = sourcecode.swift; path = DecodeJSON.swift; sourceTree = "<group>"; };
		656C38FB1E27D1FC0095EDBC /* Find The Fun.app */ = {isa = PBXFileReference; explicitFileType = wrapper.application; includeInIndex = 0; path = "Find The Fun.app"; sourceTree = BUILT_PRODUCTS_DIR; };
		656C38FE1E27D1FC0095EDBC /* AppDelegate.swift */ = {isa = PBXFileReference; lastKnownFileType = sourcecode.swift; path = AppDelegate.swift; sourceTree = "<group>"; };
		656C39001E27D1FC0095EDBC /* About.swift */ = {isa = PBXFileReference; lastKnownFileType = sourcecode.swift; path = About.swift; sourceTree = "<group>"; };
		656C39051E27D1FC0095EDBC /* Assets.xcassets */ = {isa = PBXFileReference; lastKnownFileType = folder.assetcatalog; name = Assets.xcassets; path = "Find The Fun/Assets.xcassets"; sourceTree = "<group>"; };
		656C39081E27D1FC0095EDBC /* Base */ = {isa = PBXFileReference; lastKnownFileType = file.storyboard; name = Base; path = Base.lproj/LaunchScreen.storyboard; sourceTree = "<group>"; };
		656C390A1E27D1FC0095EDBC /* Info.plist */ = {isa = PBXFileReference; lastKnownFileType = text.plist.xml; name = Info.plist; path = "Find The Fun/Info.plist"; sourceTree = "<group>"; };
		656C39101E27E2DF0095EDBC /* About.xib */ = {isa = PBXFileReference; fileEncoding = 4; lastKnownFileType = file.xib; path = About.xib; sourceTree = "<group>"; };
		6582579E1E4C6760004AD4C6 /* VideosTableViewCell.swift */ = {isa = PBXFileReference; fileEncoding = 4; lastKnownFileType = sourcecode.swift; path = VideosTableViewCell.swift; sourceTree = "<group>"; };
		6582579F1E4C6760004AD4C6 /* VideosTableViewCell.xib */ = {isa = PBXFileReference; fileEncoding = 4; lastKnownFileType = file.xib; path = VideosTableViewCell.xib; sourceTree = "<group>"; };
		659D26DC1E571C4C004DF1B5 /* CoverHDTableViewCell.swift */ = {isa = PBXFileReference; fileEncoding = 4; lastKnownFileType = sourcecode.swift; path = CoverHDTableViewCell.swift; sourceTree = "<group>"; };
		659D26DD1E571C4C004DF1B5 /* CoverHDTableViewCell.xib */ = {isa = PBXFileReference; fileEncoding = 4; lastKnownFileType = file.xib; path = CoverHDTableViewCell.xib; sourceTree = "<group>"; };
		659D26E21E575D72004DF1B5 /* HeightofRaw.swift */ = {isa = PBXFileReference; fileEncoding = 4; lastKnownFileType = sourcecode.swift; path = HeightofRaw.swift; sourceTree = "<group>"; };
		65B2DEF41E2CEA0900C3DE70 /* GameDescriptionTableViewController.swift */ = {isa = PBXFileReference; fileEncoding = 4; lastKnownFileType = sourcecode.swift; path = GameDescriptionTableViewController.swift; sourceTree = "<group>"; };
		65B2DEF51E2CEA0900C3DE70 /* GameDescriptionTableViewController.xib */ = {isa = PBXFileReference; fileEncoding = 4; lastKnownFileType = file.xib; path = GameDescriptionTableViewController.xib; sourceTree = "<group>"; };
		65B2DEFA1E2CFC2100C3DE70 /* CoverTableViewCell.swift */ = {isa = PBXFileReference; fileEncoding = 4; lastKnownFileType = sourcecode.swift; path = CoverTableViewCell.swift; sourceTree = "<group>"; };
		65B2DEFB1E2CFC2100C3DE70 /* CoverTableViewCell.xib */ = {isa = PBXFileReference; fileEncoding = 4; lastKnownFileType = file.xib; path = CoverTableViewCell.xib; sourceTree = "<group>"; };
		65B2DEFE1E2CFD2900C3DE70 /* SummaryTableViewCell.swift */ = {isa = PBXFileReference; fileEncoding = 4; lastKnownFileType = sourcecode.swift; path = SummaryTableViewCell.swift; sourceTree = "<group>"; };
		65B2DEFF1E2CFD2900C3DE70 /* SummaryTableViewCell.xib */ = {isa = PBXFileReference; fileEncoding = 4; lastKnownFileType = file.xib; path = SummaryTableViewCell.xib; sourceTree = "<group>"; };
		65B2DF021E2CFE9B00C3DE70 /* CompanyTableViewCell.swift */ = {isa = PBXFileReference; fileEncoding = 4; lastKnownFileType = sourcecode.swift; path = CompanyTableViewCell.swift; sourceTree = "<group>"; };
		65B2DF031E2CFE9B00C3DE70 /* CompanyTableViewCell.xib */ = {isa = PBXFileReference; fileEncoding = 4; lastKnownFileType = file.xib; path = CompanyTableViewCell.xib; sourceTree = "<group>"; };
		65B2DF061E2CFFA200C3DE70 /* PublishedTableViewCell.swift */ = {isa = PBXFileReference; fileEncoding = 4; lastKnownFileType = sourcecode.swift; path = PublishedTableViewCell.swift; sourceTree = "<group>"; };
		65B2DF071E2CFFA200C3DE70 /* PublishedTableViewCell.xib */ = {isa = PBXFileReference; fileEncoding = 4; lastKnownFileType = file.xib; path = PublishedTableViewCell.xib; sourceTree = "<group>"; };
		65B2DF0A1E2D009500C3DE70 /* PlatformTableViewCell.swift */ = {isa = PBXFileReference; fileEncoding = 4; lastKnownFileType = sourcecode.swift; path = PlatformTableViewCell.swift; sourceTree = "<group>"; };
		65B2DF0B1E2D009500C3DE70 /* PlatformTableViewCell.xib */ = {isa = PBXFileReference; fileEncoding = 4; lastKnownFileType = file.xib; path = PlatformTableViewCell.xib; sourceTree = "<group>"; };
		65B2DF121E2D036D00C3DE70 /* RatingTableViewCell.swift */ = {isa = PBXFileReference; fileEncoding = 4; lastKnownFileType = sourcecode.swift; path = RatingTableViewCell.swift; sourceTree = "<group>"; };
		65B2DF131E2D036D00C3DE70 /* RatingTableViewCell.xib */ = {isa = PBXFileReference; fileEncoding = 4; lastKnownFileType = file.xib; path = RatingTableViewCell.xib; sourceTree = "<group>"; };
		65B395B11E40E6C500E373B3 /* FavouriteTableViewController.swift */ = {isa = PBXFileReference; fileEncoding = 4; lastKnownFileType = sourcecode.swift; path = FavouriteTableViewController.swift; sourceTree = "<group>"; };
		65B395B21E40E6C500E373B3 /* FavouriteTableViewController.xib */ = {isa = PBXFileReference; fileEncoding = 4; lastKnownFileType = file.xib; path = FavouriteTableViewController.xib; sourceTree = "<group>"; };
		65B395B81E40E73500E373B3 /* FavouriteDescriptionTableViewController.swift */ = {isa = PBXFileReference; fileEncoding = 4; lastKnownFileType = sourcecode.swift; path = FavouriteDescriptionTableViewController.swift; sourceTree = "<group>"; };
		65B395B91E40E73500E373B3 /* FavouriteDescriptionTableViewController.xib */ = {isa = PBXFileReference; fileEncoding = 4; lastKnownFileType = file.xib; path = FavouriteDescriptionTableViewController.xib; sourceTree = "<group>"; };
		65B395BC1E40EC6300E373B3 /* SaveFavouriteGame.swift */ = {isa = PBXFileReference; fileEncoding = 4; lastKnownFileType = sourcecode.swift; path = SaveFavouriteGame.swift; sourceTree = "<group>"; };
		65B395BE1E42465300E373B3 /* GenreTableViewCell.swift */ = {isa = PBXFileReference; fileEncoding = 4; lastKnownFileType = sourcecode.swift; path = GenreTableViewCell.swift; sourceTree = "<group>"; };
		65B395BF1E42465300E373B3 /* GenreTableViewCell.xib */ = {isa = PBXFileReference; fileEncoding = 4; lastKnownFileType = file.xib; path = GenreTableViewCell.xib; sourceTree = "<group>"; };
		65B395C21E42468800E373B3 /* GameModesTableViewCell.swift */ = {isa = PBXFileReference; fileEncoding = 4; lastKnownFileType = sourcecode.swift; path = GameModesTableViewCell.swift; sourceTree = "<group>"; };
		65B395C31E42468800E373B3 /* GameModesTableViewCell.xib */ = {isa = PBXFileReference; fileEncoding = 4; lastKnownFileType = file.xib; path = GameModesTableViewCell.xib; sourceTree = "<group>"; };
		65B395C61E42575B00E373B3 /* Genre.swift */ = {isa = PBXFileReference; fileEncoding = 4; lastKnownFileType = sourcecode.swift; path = Genre.swift; sourceTree = "<group>"; };
		65B395C81E42576500E373B3 /* GameModes.swift */ = {isa = PBXFileReference; fileEncoding = 4; lastKnownFileType = sourcecode.swift; path = GameModes.swift; sourceTree = "<group>"; };
		65CC9D921E5ECBC000B5377C /* VideoCollectionViewCell.swift */ = {isa = PBXFileReference; fileEncoding = 4; lastKnownFileType = sourcecode.swift; path = VideoCollectionViewCell.swift; sourceTree = "<group>"; };
		65CC9D931E5ECBC000B5377C /* VideoCollectionViewCell.xib */ = {isa = PBXFileReference; fileEncoding = 4; lastKnownFileType = file.xib; path = VideoCollectionViewCell.xib; sourceTree = "<group>"; };
		65CC9D961E5ECBD400B5377C /* VideoCollectionViewController.swift */ = {isa = PBXFileReference; fileEncoding = 4; lastKnownFileType = sourcecode.swift; path = VideoCollectionViewController.swift; sourceTree = "<group>"; };
		65CC9D971E5ECBD400B5377C /* VideoCollectionViewController.xib */ = {isa = PBXFileReference; fileEncoding = 4; lastKnownFileType = file.xib; path = VideoCollectionViewController.xib; sourceTree = "<group>"; };
		65CD7AD21E5DB1F7004DCBAD /* RandomElementFromArray.swift */ = {isa = PBXFileReference; fileEncoding = 4; lastKnownFileType = sourcecode.swift; path = RandomElementFromArray.swift; sourceTree = "<group>"; };
		65CD7AD51E5DC7F1004DCBAD /* ScreenshotsCollectionViewController.swift */ = {isa = PBXFileReference; fileEncoding = 4; lastKnownFileType = sourcecode.swift; path = ScreenshotsCollectionViewController.swift; sourceTree = "<group>"; };
		65CD7AD61E5DC7F1004DCBAD /* ScreenshotsCollectionViewController.xib */ = {isa = PBXFileReference; fileEncoding = 4; lastKnownFileType = file.xib; path = ScreenshotsCollectionViewController.xib; sourceTree = "<group>"; };
		65CD7AD91E5DC80A004DCBAD /* ScreenshotCollectionViewCell.swift */ = {isa = PBXFileReference; fileEncoding = 4; lastKnownFileType = sourcecode.swift; path = ScreenshotCollectionViewCell.swift; sourceTree = "<group>"; };
		65CD7ADA1E5DC80A004DCBAD /* ScreenshotCollectionViewCell.xib */ = {isa = PBXFileReference; fileEncoding = 4; lastKnownFileType = file.xib; path = ScreenshotCollectionViewCell.xib; sourceTree = "<group>"; };
/* End PBXFileReference section */

/* Begin PBXFrameworksBuildPhase section */
		656C38F81E27D1FC0095EDBC /* Frameworks */ = {
			isa = PBXFrameworksBuildPhase;
			buildActionMask = 2147483647;
			files = (
				654BF7041E29344700A82610 /* Runes.framework in Frameworks */,
				650123741E375B8F007A12AD /* AlamofireImage.framework in Frameworks */,
				654BF7001E29343E00A82610 /* Argo.framework in Frameworks */,
				654BF7071E29344B00A82610 /* Curry.framework in Frameworks */,
				650123711E375B87007A12AD /* Alamofire.framework in Frameworks */,
			);
			runOnlyForDeploymentPostprocessing = 0;
		};
/* End PBXFrameworksBuildPhase section */

/* Begin PBXGroup section */
		6541CBF11E40A5560071C711 /* UI */ = {
			isa = PBXGroup;
			children = (
				6529349E1E39F4B200D2F9ED /* ActivityIndicator.swift */,
				6541CBEB1E3FA5770071C711 /* ColorInterface.swift */,
				652692001E51FC4400A32CF6 /* TabBar.swift */,
				652692021E5228AE00A32CF6 /* Alert.swift */,
				652692041E530A0000A32CF6 /* SaveDeleteButton.swift */,
				659D26E21E575D72004DF1B5 /* HeightofRaw.swift */,
			);
			name = UI;
			sourceTree = "<group>";
		};
		6541CBF21E40A5620071C711 /* About */ = {
			isa = PBXGroup;
			children = (
				656C39001E27D1FC0095EDBC /* About.swift */,
				656C39101E27E2DF0095EDBC /* About.xib */,
			);
			name = About;
			sourceTree = "<group>";
		};
		6541CBF41E40A5B30071C711 /* Model */ = {
			isa = PBXGroup;
			children = (
				654BF6E41E27F12900A82610 /* Game.swift */,
				6541CBAC1E3B90E60071C711 /* Companies.swift */,
				6541CBE61E3F75280071C711 /* Platform.swift */,
				65B395C61E42575B00E373B3 /* Genre.swift */,
				65B395C81E42576500E373B3 /* GameModes.swift */,
				650123761E375CBB007A12AD /* CellBuilder.swift */,
			);
			name = Model;
			sourceTree = "<group>";
		};
		6541CBF51E40A5CF0071C711 /* Json */ = {
			isa = PBXGroup;
			children = (
				656763441E2FEB650095AFAD /* DecodeJSON.swift */,
				650123781E3762DE007A12AD /* GetUrl.swift */,
			);
			name = Json;
			sourceTree = "<group>";
		};
		6541CBF61E40A6DD0071C711 /* Search TableView */ = {
			isa = PBXGroup;
			children = (
				652934981E38CB4200D2F9ED /* SearchGamesTableViewController.swift */,
				652934991E38CB4200D2F9ED /* SearchGamesTableViewController.xib */,
			);
			name = "Search TableView";
			sourceTree = "<group>";
		};
		654BF6F21E29252000A82610 /* Frameworks */ = {
			isa = PBXGroup;
			children = (
				654BF6F71E29305D00A82610 /* Curry.framework */,
				654BF6F51E29252200A82610 /* Argo.framework */,
				654BF6F31E29252000A82610 /* Runes.framework */,
			);
			name = Frameworks;
			sourceTree = "<group>";
		};
		655564D71E4345160022C87F /* Release Date */ = {
			isa = PBXGroup;
			children = (
				655564DA1E4345820022C87F /* ReleaseDateTableViewController.swift */,
				655564DB1E4345820022C87F /* ReleaseDateTableViewController.xib */,
				655564E41E4346EF0022C87F /* ReleaseDateTableViewCell.swift */,
				655564E51E4346EF0022C87F /* ReleaseDateTableViewCell.xib */,
			);
			name = "Release Date";
			sourceTree = "<group>";
		};
		655564D81E43453C0022C87F /* Cover */ = {
			isa = PBXGroup;
			children = (
				652934911E37969300D2F9ED /* CoverViewController.swift */,
				652934921E37969300D2F9ED /* CoverViewController.xib */,
			);
			name = Cover;
			sourceTree = "<group>";
		};
		655564E21E4345BC0022C87F /* Genres */ = {
			isa = PBXGroup;
			children = (
				655564DE1E4345A10022C87F /* GenresTableViewController.swift */,
				655564DF1E4345A10022C87F /* GenresTableViewController.xib */,
			);
			name = Genres;
			sourceTree = "<group>";
		};
		655564E31E43461F0022C87F /* Description Cell */ = {
			isa = PBXGroup;
			children = (
				659D26DC1E571C4C004DF1B5 /* CoverHDTableViewCell.swift */,
				659D26DD1E571C4C004DF1B5 /* CoverHDTableViewCell.xib */,
				65B2DEFA1E2CFC2100C3DE70 /* CoverTableViewCell.swift */,
				65B2DEFB1E2CFC2100C3DE70 /* CoverTableViewCell.xib */,
				65B2DEFE1E2CFD2900C3DE70 /* SummaryTableViewCell.swift */,
				65B2DEFF1E2CFD2900C3DE70 /* SummaryTableViewCell.xib */,
				65B2DF021E2CFE9B00C3DE70 /* CompanyTableViewCell.swift */,
				65B2DF031E2CFE9B00C3DE70 /* CompanyTableViewCell.xib */,
				65B2DF061E2CFFA200C3DE70 /* PublishedTableViewCell.swift */,
				65B2DF071E2CFFA200C3DE70 /* PublishedTableViewCell.xib */,
				65B2DF0A1E2D009500C3DE70 /* PlatformTableViewCell.swift */,
				65B2DF0B1E2D009500C3DE70 /* PlatformTableViewCell.xib */,
				65B2DF121E2D036D00C3DE70 /* RatingTableViewCell.swift */,
				65B2DF131E2D036D00C3DE70 /* RatingTableViewCell.xib */,
				65B395BE1E42465300E373B3 /* GenreTableViewCell.swift */,
				65B395BF1E42465300E373B3 /* GenreTableViewCell.xib */,
				65B395C21E42468800E373B3 /* GameModesTableViewCell.swift */,
				65B395C31E42468800E373B3 /* GameModesTableViewCell.xib */,
				655565161E44A78D0022C87F /* RelatedInDescriptionTableViewCell.swift */,
				655565171E44A78D0022C87F /* RelatedInDescriptionTableViewCell.xib */,
				6541CBED1E40A53D0071C711 /* ScreenshotsTableViewCell.swift */,
				6541CBEE1E40A53D0071C711 /* ScreenshotsTableViewCell.xib */,
				6582579E1E4C6760004AD4C6 /* VideosTableViewCell.swift */,
				6582579F1E4C6760004AD4C6 /* VideosTableViewCell.xib */,
			);
			name = "Description Cell";
			sourceTree = "<group>";
		};
		655564E81E4347010022C87F /* IGDB */ = {
			isa = PBXGroup;
			children = (
				655564E91E43471F0022C87F /* IGDB.swift */,
			);
			name = IGDB;
			sourceTree = "<group>";
		};
		6555650D1E44A6370022C87F /* Related */ = {
			isa = PBXGroup;
			children = (
				6555650E1E44A6C60022C87F /* RelatedTableViewController.swift */,
				6555650F1E44A6C70022C87F /* RelatedTableViewController.xib */,
			);
			name = Related;
			sourceTree = "<group>";
		};
		656C38F21E27D1FC0095EDBC = {
			isa = PBXGroup;
			children = (
				650123731E375B8F007A12AD /* AlamofireImage.framework */,
				650123701E375B87007A12AD /* Alamofire.framework */,
				654BF7061E29344B00A82610 /* Curry.framework */,
				654BF7031E29344700A82610 /* Runes.framework */,
				654BF6FF1E29343E00A82610 /* Argo.framework */,
				656C38FD1E27D1FC0095EDBC /* Find The Fun */,
				656C390A1E27D1FC0095EDBC /* Info.plist */,
				6541CBC21E3F4FEC0071C711 /* GameData.xcdatamodeld */,
				656C39051E27D1FC0095EDBC /* Assets.xcassets */,
				656C39071E27D1FC0095EDBC /* LaunchScreen.storyboard */,
				656C38FC1E27D1FC0095EDBC /* Products */,
				654BF6F21E29252000A82610 /* Frameworks */,
			);
			sourceTree = "<group>";
		};
		656C38FC1E27D1FC0095EDBC /* Products */ = {
			isa = PBXGroup;
			children = (
				656C38FB1E27D1FC0095EDBC /* Find The Fun.app */,
			);
			name = Products;
			sourceTree = "<group>";
		};
		656C38FD1E27D1FC0095EDBC /* Find The Fun */ = {
			isa = PBXGroup;
			children = (
				656C38FE1E27D1FC0095EDBC /* AppDelegate.swift */,
				6541CBF41E40A5B30071C711 /* Model */,
				65B2DEF81E2CFB7500C3DE70 /* News TableView  */,
				6541CBF61E40A6DD0071C711 /* Search TableView */,
				65B2DEF91E2CFB9900C3DE70 /* Description TableView */,
				65B395B01E40E69100E373B3 /* Favourite */,
				6541CBF21E40A5620071C711 /* About */,
				6541CBF51E40A5CF0071C711 /* Json */,
				655564E81E4347010022C87F /* IGDB */,
				6541CBF11E40A5560071C711 /* UI */,
				65CD7AD11E5DB1DD004DCBAD /* RandomElementArray */,
				65CD7AD01E5DA8AF004DCBAD /* Reachability */,
				652692081E5340AB00A32CF6 /* CachedGame.swift */,
			);
			path = "Find The Fun";
			sourceTree = "<group>";
		};
		658257A21E4C69CD004AD4C6 /* Videos */ = {
			isa = PBXGroup;
			children = (
				65CC9D961E5ECBD400B5377C /* VideoCollectionViewController.swift */,
				65CC9D971E5ECBD400B5377C /* VideoCollectionViewController.xib */,
				65CC9D921E5ECBC000B5377C /* VideoCollectionViewCell.swift */,
				65CC9D931E5ECBC000B5377C /* VideoCollectionViewCell.xib */,
			);
			name = Videos;
			sourceTree = "<group>";
		};
		65B2DEF81E2CFB7500C3DE70 /* News TableView  */ = {
			isa = PBXGroup;
			children = (
				654BF6E61E27F55900A82610 /* GameTableViewController.swift */,
				654BF6E71E27F55900A82610 /* GameTableViewController.xib */,
				654BF6EE1E28E6E500A82610 /* GameCellTableViewCell.swift */,
				654BF6EF1E28E6E500A82610 /* GameCellTableViewCell.xib */,
			);
			name = "News TableView ";
			sourceTree = "<group>";
		};
		65B2DEF91E2CFB9900C3DE70 /* Description TableView */ = {
			isa = PBXGroup;
			children = (
				65B2DEF41E2CEA0900C3DE70 /* GameDescriptionTableViewController.swift */,
				65B2DEF51E2CEA0900C3DE70 /* GameDescriptionTableViewController.xib */,
				655564E31E43461F0022C87F /* Description Cell */,
				655564D81E43453C0022C87F /* Cover */,
				655564D71E4345160022C87F /* Release Date */,
				655564E21E4345BC0022C87F /* Genres */,
				6555650D1E44A6370022C87F /* Related */,
				65CD7AD41E5DC7D4004DCBAD /* ScreenshotsCollection */,
				658257A21E4C69CD004AD4C6 /* Videos */,
			);
			name = "Description TableView";
			sourceTree = "<group>";
		};
		65B395B01E40E69100E373B3 /* Favourite */ = {
			isa = PBXGroup;
			children = (
				65B395B51E40E6F500E373B3 /* FavouriteTable */,
				65B395B61E40E71200E373B3 /* FavouriteDescription */,
				65B395BC1E40EC6300E373B3 /* SaveFavouriteGame.swift */,
			);
			name = Favourite;
			sourceTree = "<group>";
		};
		65B395B51E40E6F500E373B3 /* FavouriteTable */ = {
			isa = PBXGroup;
			children = (
				65B395B11E40E6C500E373B3 /* FavouriteTableViewController.swift */,
				65B395B21E40E6C500E373B3 /* FavouriteTableViewController.xib */,
			);
			name = FavouriteTable;
			sourceTree = "<group>";
		};
		65B395B61E40E71200E373B3 /* FavouriteDescription */ = {
			isa = PBXGroup;
			children = (
				65B395B81E40E73500E373B3 /* FavouriteDescriptionTableViewController.swift */,
				65B395B91E40E73500E373B3 /* FavouriteDescriptionTableViewController.xib */,
			);
			name = FavouriteDescription;
			sourceTree = "<group>";
		};
		65CD7AD01E5DA8AF004DCBAD /* Reachability */ = {
			isa = PBXGroup;
			children = (
				652692061E5319FD00A32CF6 /* Reachability.swift */,
			);
			name = Reachability;
			sourceTree = "<group>";
		};
		65CD7AD11E5DB1DD004DCBAD /* RandomElementArray */ = {
			isa = PBXGroup;
			children = (
				65CD7AD21E5DB1F7004DCBAD /* RandomElementFromArray.swift */,
			);
			name = RandomElementArray;
			sourceTree = "<group>";
		};
		65CD7AD41E5DC7D4004DCBAD /* ScreenshotsCollection */ = {
			isa = PBXGroup;
			children = (
				65CD7AD51E5DC7F1004DCBAD /* ScreenshotsCollectionViewController.swift */,
				65CD7AD61E5DC7F1004DCBAD /* ScreenshotsCollectionViewController.xib */,
				65CD7AD91E5DC80A004DCBAD /* ScreenshotCollectionViewCell.swift */,
				65CD7ADA1E5DC80A004DCBAD /* ScreenshotCollectionViewCell.xib */,
			);
			name = ScreenshotsCollection;
			sourceTree = "<group>";
		};
/* End PBXGroup section */

/* Begin PBXNativeTarget section */
		656C38FA1E27D1FC0095EDBC /* Find The Fun */ = {
			isa = PBXNativeTarget;
			buildConfigurationList = 656C390D1E27D1FC0095EDBC /* Build configuration list for PBXNativeTarget "Find The Fun" */;
			buildPhases = (
				656C38F71E27D1FC0095EDBC /* Sources */,
				656C38F81E27D1FC0095EDBC /* Frameworks */,
				656C38F91E27D1FC0095EDBC /* Resources */,
				654BF7021E29343E00A82610 /* Embed Frameworks */,
				654BF7091E29349100A82610 /* ShellScript */,
			);
			buildRules = (
			);
			dependencies = (
			);
			name = "Find The Fun";
			productName = "Find The Fun";
			productReference = 656C38FB1E27D1FC0095EDBC /* Find The Fun.app */;
			productType = "com.apple.product-type.application";
		};
/* End PBXNativeTarget section */

/* Begin PBXProject section */
		656C38F31E27D1FC0095EDBC /* Project object */ = {
			isa = PBXProject;
			attributes = {
				LastSwiftUpdateCheck = 0820;
				LastUpgradeCheck = 0820;
				ORGANIZATIONNAME = Andrea;
				TargetAttributes = {
					656C38FA1E27D1FC0095EDBC = {
						CreatedOnToolsVersion = 8.2.1;
						DevelopmentTeam = EUQ43QLTML;
						ProvisioningStyle = Automatic;
					};
				};
			};
			buildConfigurationList = 656C38F61E27D1FC0095EDBC /* Build configuration list for PBXProject "Find The Fun" */;
			compatibilityVersion = "Xcode 3.2";
			developmentRegion = English;
			hasScannedForEncodings = 0;
			knownRegions = (
				en,
				Base,
			);
			mainGroup = 656C38F21E27D1FC0095EDBC;
			productRefGroup = 656C38FC1E27D1FC0095EDBC /* Products */;
			projectDirPath = "";
			projectRoot = "";
			targets = (
				656C38FA1E27D1FC0095EDBC /* Find The Fun */,
			);
		};
/* End PBXProject section */

/* Begin PBXResourcesBuildPhase section */
		656C38F91E27D1FC0095EDBC /* Resources */ = {
			isa = PBXResourcesBuildPhase;
			buildActionMask = 2147483647;
			files = (
				65CC9D951E5ECBC000B5377C /* VideoCollectionViewCell.xib in Resources */,
				65B2DF0D1E2D009500C3DE70 /* PlatformTableViewCell.xib in Resources */,
				6541CBF01E40A53D0071C711 /* ScreenshotsTableViewCell.xib in Resources */,
				65B395BB1E40E73500E373B3 /* FavouriteDescriptionTableViewController.xib in Resources */,
				656C39091E27D1FC0095EDBC /* LaunchScreen.storyboard in Resources */,
				655564E71E4346EF0022C87F /* ReleaseDateTableViewCell.xib in Resources */,
				654BF6E91E27F55900A82610 /* GameTableViewController.xib in Resources */,
				655565111E44A6C70022C87F /* RelatedTableViewController.xib in Resources */,
				65B2DF011E2CFD2900C3DE70 /* SummaryTableViewCell.xib in Resources */,
				656C39111E27E2DF0095EDBC /* About.xib in Resources */,
				6529349B1E38CB4200D2F9ED /* SearchGamesTableViewController.xib in Resources */,
				659D26DF1E571C4C004DF1B5 /* CoverHDTableViewCell.xib in Resources */,
				65CD7ADC1E5DC80A004DCBAD /* ScreenshotCollectionViewCell.xib in Resources */,
				65B2DF151E2D036D00C3DE70 /* RatingTableViewCell.xib in Resources */,
				658257A11E4C6760004AD4C6 /* VideosTableViewCell.xib in Resources */,
				655564E11E4345A10022C87F /* GenresTableViewController.xib in Resources */,
				65CD7AD81E5DC7F1004DCBAD /* ScreenshotsCollectionViewController.xib in Resources */,
				654BF6F11E28E6E500A82610 /* GameCellTableViewCell.xib in Resources */,
				652934941E37969300D2F9ED /* CoverViewController.xib in Resources */,
				655565191E44A78D0022C87F /* RelatedInDescriptionTableViewCell.xib in Resources */,
				65B2DEFD1E2CFC2100C3DE70 /* CoverTableViewCell.xib in Resources */,
				65B395C51E42468800E373B3 /* GameModesTableViewCell.xib in Resources */,
				65B395B41E40E6C500E373B3 /* FavouriteTableViewController.xib in Resources */,
				65B2DF051E2CFE9B00C3DE70 /* CompanyTableViewCell.xib in Resources */,
				65B2DEF71E2CEA0900C3DE70 /* GameDescriptionTableViewController.xib in Resources */,
				65B395C11E42465300E373B3 /* GenreTableViewCell.xib in Resources */,
				655564DD1E4345820022C87F /* ReleaseDateTableViewController.xib in Resources */,
				65B2DF091E2CFFA200C3DE70 /* PublishedTableViewCell.xib in Resources */,
				65CC9D991E5ECBD400B5377C /* VideoCollectionViewController.xib in Resources */,
				656C39061E27D1FC0095EDBC /* Assets.xcassets in Resources */,
			);
			runOnlyForDeploymentPostprocessing = 0;
		};
/* End PBXResourcesBuildPhase section */

/* Begin PBXShellScriptBuildPhase section */
		654BF7091E29349100A82610 /* ShellScript */ = {
			isa = PBXShellScriptBuildPhase;
			buildActionMask = 2147483647;
			files = (
			);
			inputPaths = (
				"$(SRCROOT)/Carthage/Build/iOS/Curry.framework",
				"$(SRCROOT)/Carthage/Build/iOS/Runes.framework",
				"$(SRCROOT)/Carthage/Build/iOS/Argo.framework",
			);
			outputPaths = (
			);
			runOnlyForDeploymentPostprocessing = 0;
			shellPath = /bin/sh;
			shellScript = "/usr/local/bin/carthage copy-frameworks";
		};
/* End PBXShellScriptBuildPhase section */

/* Begin PBXSourcesBuildPhase section */
		656C38F71E27D1FC0095EDBC /* Sources */ = {
			isa = PBXSourcesBuildPhase;
			buildActionMask = 2147483647;
			files = (
				6541CBE71E3F75280071C711 /* Platform.swift in Sources */,
				659D26DE1E571C4C004DF1B5 /* CoverHDTableViewCell.swift in Sources */,
				650123771E375CBB007A12AD /* CellBuilder.swift in Sources */,
				6541CBAD1E3B90E60071C711 /* Companies.swift in Sources */,
				656C39011E27D1FC0095EDBC /* About.swift in Sources */,
				652934931E37969300D2F9ED /* CoverViewController.swift in Sources */,
				654BF6E81E27F55900A82610 /* GameTableViewController.swift in Sources */,
				656763451E2FEB650095AFAD /* DecodeJSON.swift in Sources */,
				65B395C41E42468800E373B3 /* GameModesTableViewCell.swift in Sources */,
				65B395C71E42575B00E373B3 /* Genre.swift in Sources */,
				65B395BA1E40E73500E373B3 /* FavouriteDescriptionTableViewController.swift in Sources */,
				659D26E31E575D72004DF1B5 /* HeightofRaw.swift in Sources */,
				6541CBEC1E3FA5770071C711 /* ColorInterface.swift in Sources */,
				65B2DF081E2CFFA200C3DE70 /* PublishedTableViewCell.swift in Sources */,
				6541CBEF1E40A53D0071C711 /* ScreenshotsTableViewCell.swift in Sources */,
				65B2DF041E2CFE9B00C3DE70 /* CompanyTableViewCell.swift in Sources */,
				65CD7ADB1E5DC80A004DCBAD /* ScreenshotCollectionViewCell.swift in Sources */,
				654BF6F01E28E6E500A82610 /* GameCellTableViewCell.swift in Sources */,
				655565101E44A6C70022C87F /* RelatedTableViewController.swift in Sources */,
				65B2DF0C1E2D009500C3DE70 /* PlatformTableViewCell.swift in Sources */,
				652692091E5340AB00A32CF6 /* CachedGame.swift in Sources */,
				65B2DF001E2CFD2900C3DE70 /* SummaryTableViewCell.swift in Sources */,
				65B395BD1E40EC6300E373B3 /* SaveFavouriteGame.swift in Sources */,
				6541CBC41E3F4FEC0071C711 /* GameData.xcdatamodeld in Sources */,
				65B2DEF61E2CEA0900C3DE70 /* GameDescriptionTableViewController.swift in Sources */,
				652692071E5319FD00A32CF6 /* Reachability.swift in Sources */,
				655564DC1E4345820022C87F /* ReleaseDateTableViewController.swift in Sources */,
				655565181E44A78D0022C87F /* RelatedInDescriptionTableViewCell.swift in Sources */,
				65B395C01E42465300E373B3 /* GenreTableViewCell.swift in Sources */,
				652692011E51FC4500A32CF6 /* TabBar.swift in Sources */,
				65CD7AD31E5DB1F7004DCBAD /* RandomElementFromArray.swift in Sources */,
				65B395C91E42576500E373B3 /* GameModes.swift in Sources */,
				65B2DEFC1E2CFC2100C3DE70 /* CoverTableViewCell.swift in Sources */,
				654BF6E51E27F12900A82610 /* Game.swift in Sources */,
				655564E01E4345A10022C87F /* GenresTableViewController.swift in Sources */,
				65CC9D981E5ECBD400B5377C /* VideoCollectionViewController.swift in Sources */,
				65B395B31E40E6C500E373B3 /* FavouriteTableViewController.swift in Sources */,
				65CD7AD71E5DC7F1004DCBAD /* ScreenshotsCollectionViewController.swift in Sources */,
				658257A01E4C6760004AD4C6 /* VideosTableViewCell.swift in Sources */,
				655564EA1E43471F0022C87F /* IGDB.swift in Sources */,
				656C38FF1E27D1FC0095EDBC /* AppDelegate.swift in Sources */,
				6529349F1E39F4B200D2F9ED /* ActivityIndicator.swift in Sources */,
				652692031E5228AE00A32CF6 /* Alert.swift in Sources */,
				6529349A1E38CB4200D2F9ED /* SearchGamesTableViewController.swift in Sources */,
				655564E61E4346EF0022C87F /* ReleaseDateTableViewCell.swift in Sources */,
				650123791E3762DE007A12AD /* GetUrl.swift in Sources */,
				65B2DF141E2D036D00C3DE70 /* RatingTableViewCell.swift in Sources */,
				65CC9D941E5ECBC000B5377C /* VideoCollectionViewCell.swift in Sources */,
				652692051E530A0000A32CF6 /* SaveDeleteButton.swift in Sources */,
			);
			runOnlyForDeploymentPostprocessing = 0;
		};
/* End PBXSourcesBuildPhase section */

/* Begin PBXVariantGroup section */
		656C39071E27D1FC0095EDBC /* LaunchScreen.storyboard */ = {
			isa = PBXVariantGroup;
			children = (
				656C39081E27D1FC0095EDBC /* Base */,
			);
			name = LaunchScreen.storyboard;
			path = "Find The Fun";
			sourceTree = "<group>";
		};
/* End PBXVariantGroup section */

/* Begin XCBuildConfiguration section */
		656C390B1E27D1FC0095EDBC /* Debug */ = {
			isa = XCBuildConfiguration;
			buildSettings = {
				ALWAYS_SEARCH_USER_PATHS = NO;
				CLANG_ANALYZER_NONNULL = YES;
				CLANG_CXX_LANGUAGE_STANDARD = "gnu++0x";
				CLANG_CXX_LIBRARY = "libc++";
				CLANG_ENABLE_MODULES = YES;
				CLANG_ENABLE_OBJC_ARC = YES;
				CLANG_WARN_BOOL_CONVERSION = YES;
				CLANG_WARN_CONSTANT_CONVERSION = YES;
				CLANG_WARN_DIRECT_OBJC_ISA_USAGE = YES_ERROR;
				CLANG_WARN_DOCUMENTATION_COMMENTS = YES;
				CLANG_WARN_EMPTY_BODY = YES;
				CLANG_WARN_ENUM_CONVERSION = YES;
				CLANG_WARN_INFINITE_RECURSION = YES;
				CLANG_WARN_INT_CONVERSION = YES;
				CLANG_WARN_OBJC_ROOT_CLASS = YES_ERROR;
				CLANG_WARN_SUSPICIOUS_MOVE = YES;
				CLANG_WARN_UNREACHABLE_CODE = YES;
				CLANG_WARN__DUPLICATE_METHOD_MATCH = YES;
				"CODE_SIGN_IDENTITY[sdk=iphoneos*]" = "iPhone Developer";
				COPY_PHASE_STRIP = NO;
				DEBUG_INFORMATION_FORMAT = dwarf;
				ENABLE_STRICT_OBJC_MSGSEND = YES;
				ENABLE_TESTABILITY = YES;
				GCC_C_LANGUAGE_STANDARD = gnu99;
				GCC_DYNAMIC_NO_PIC = NO;
				GCC_NO_COMMON_BLOCKS = YES;
				GCC_OPTIMIZATION_LEVEL = 0;
				GCC_PREPROCESSOR_DEFINITIONS = (
					"DEBUG=1",
					"$(inherited)",
				);
				GCC_WARN_64_TO_32_BIT_CONVERSION = YES;
				GCC_WARN_ABOUT_RETURN_TYPE = YES_ERROR;
				GCC_WARN_UNDECLARED_SELECTOR = YES;
				GCC_WARN_UNINITIALIZED_AUTOS = YES_AGGRESSIVE;
				GCC_WARN_UNUSED_FUNCTION = YES;
				GCC_WARN_UNUSED_VARIABLE = YES;
				IPHONEOS_DEPLOYMENT_TARGET = 10.2;
				MTL_ENABLE_DEBUG_INFO = YES;
				ONLY_ACTIVE_ARCH = YES;
				SDKROOT = iphoneos;
				SWIFT_ACTIVE_COMPILATION_CONDITIONS = DEBUG;
				SWIFT_OPTIMIZATION_LEVEL = "-Onone";
				TARGETED_DEVICE_FAMILY = "1,2";
			};
			name = Debug;
		};
		656C390C1E27D1FC0095EDBC /* Release */ = {
			isa = XCBuildConfiguration;
			buildSettings = {
				ALWAYS_SEARCH_USER_PATHS = NO;
				CLANG_ANALYZER_NONNULL = YES;
				CLANG_CXX_LANGUAGE_STANDARD = "gnu++0x";
				CLANG_CXX_LIBRARY = "libc++";
				CLANG_ENABLE_MODULES = YES;
				CLANG_ENABLE_OBJC_ARC = YES;
				CLANG_WARN_BOOL_CONVERSION = YES;
				CLANG_WARN_CONSTANT_CONVERSION = YES;
				CLANG_WARN_DIRECT_OBJC_ISA_USAGE = YES_ERROR;
				CLANG_WARN_DOCUMENTATION_COMMENTS = YES;
				CLANG_WARN_EMPTY_BODY = YES;
				CLANG_WARN_ENUM_CONVERSION = YES;
				CLANG_WARN_INFINITE_RECURSION = YES;
				CLANG_WARN_INT_CONVERSION = YES;
				CLANG_WARN_OBJC_ROOT_CLASS = YES_ERROR;
				CLANG_WARN_SUSPICIOUS_MOVE = YES;
				CLANG_WARN_UNREACHABLE_CODE = YES;
				CLANG_WARN__DUPLICATE_METHOD_MATCH = YES;
				"CODE_SIGN_IDENTITY[sdk=iphoneos*]" = "iPhone Developer";
				COPY_PHASE_STRIP = NO;
				DEBUG_INFORMATION_FORMAT = "dwarf-with-dsym";
				ENABLE_NS_ASSERTIONS = NO;
				ENABLE_STRICT_OBJC_MSGSEND = YES;
				GCC_C_LANGUAGE_STANDARD = gnu99;
				GCC_NO_COMMON_BLOCKS = YES;
				GCC_WARN_64_TO_32_BIT_CONVERSION = YES;
				GCC_WARN_ABOUT_RETURN_TYPE = YES_ERROR;
				GCC_WARN_UNDECLARED_SELECTOR = YES;
				GCC_WARN_UNINITIALIZED_AUTOS = YES_AGGRESSIVE;
				GCC_WARN_UNUSED_FUNCTION = YES;
				GCC_WARN_UNUSED_VARIABLE = YES;
				IPHONEOS_DEPLOYMENT_TARGET = 10.2;
				MTL_ENABLE_DEBUG_INFO = NO;
				SDKROOT = iphoneos;
				SWIFT_OPTIMIZATION_LEVEL = "-Owholemodule";
				TARGETED_DEVICE_FAMILY = "1,2";
				VALIDATE_PRODUCT = YES;
			};
			name = Release;
		};
		656C390E1E27D1FC0095EDBC /* Debug */ = {
			isa = XCBuildConfiguration;
			buildSettings = {
				ASSETCATALOG_COMPILER_APPICON_NAME = AppIcon;
				DEVELOPMENT_TEAM = EUQ43QLTML;
				FRAMEWORK_SEARCH_PATHS = (
					"$(inherited)",
					"$(PROJECT_DIR)/Carthage/Build/iOS",
				);
				INFOPLIST_FILE = "Find The Fun/Info.plist";
				LD_RUNPATH_SEARCH_PATHS = "$(inherited) @executable_path/Frameworks";
				PRODUCT_BUNDLE_IDENTIFIER = "com.developer.andrea.Find-The-Fun";
				PRODUCT_NAME = "$(TARGET_NAME)";
				SWIFT_VERSION = 3.0;
				TARGETED_DEVICE_FAMILY = 1;
			};
			name = Debug;
		};
		656C390F1E27D1FC0095EDBC /* Release */ = {
			isa = XCBuildConfiguration;
			buildSettings = {
				ASSETCATALOG_COMPILER_APPICON_NAME = AppIcon;
				DEVELOPMENT_TEAM = EUQ43QLTML;
				FRAMEWORK_SEARCH_PATHS = (
					"$(inherited)",
					"$(PROJECT_DIR)/Carthage/Build/iOS",
				);
				INFOPLIST_FILE = "Find The Fun/Info.plist";
				LD_RUNPATH_SEARCH_PATHS = "$(inherited) @executable_path/Frameworks";
				PRODUCT_BUNDLE_IDENTIFIER = "com.developer.andrea.Find-The-Fun";
				PRODUCT_NAME = "$(TARGET_NAME)";
				SWIFT_VERSION = 3.0;
				TARGETED_DEVICE_FAMILY = 1;
			};
			name = Release;
		};
/* End XCBuildConfiguration section */

/* Begin XCConfigurationList section */
		656C38F61E27D1FC0095EDBC /* Build configuration list for PBXProject "Find The Fun" */ = {
			isa = XCConfigurationList;
			buildConfigurations = (
				656C390B1E27D1FC0095EDBC /* Debug */,
				656C390C1E27D1FC0095EDBC /* Release */,
			);
			defaultConfigurationIsVisible = 0;
			defaultConfigurationName = Release;
		};
		656C390D1E27D1FC0095EDBC /* Build configuration list for PBXNativeTarget "Find The Fun" */ = {
			isa = XCConfigurationList;
			buildConfigurations = (
				656C390E1E27D1FC0095EDBC /* Debug */,
				656C390F1E27D1FC0095EDBC /* Release */,
			);
			defaultConfigurationIsVisible = 0;
			defaultConfigurationName = Release;
		};
/* End XCConfigurationList section */

/* Begin XCVersionGroup section */
		6541CBC21E3F4FEC0071C711 /* GameData.xcdatamodeld */ = {
			isa = XCVersionGroup;
			children = (
				6541CBC31E3F4FEC0071C711 /* GameData.xcdatamodel */,
			);
			currentVersion = 6541CBC31E3F4FEC0071C711 /* GameData.xcdatamodel */;
			name = GameData.xcdatamodeld;
			path = "Find The Fun/GameData.xcdatamodeld";
			sourceTree = "<group>";
			versionGroupType = wrapper.xcdatamodel;
		};
/* End XCVersionGroup section */
	};
	rootObject = 656C38F31E27D1FC0095EDBC /* Project object */;
}
