// !$*UTF8*$!
{
	archiveVersion = 1;
	classes = {
	};
	objectVersion = 46;
	objects = {

/* Begin PBXBuildFile section */
		650123711E375B87007A12AD /* Alamofire.framework in Frameworks */ = {isa = PBXBuildFile; fileRef = 650123701E375B87007A12AD /* Alamofire.framework */; };
		650123721E375B87007A12AD /* Alamofire.framework in Embed Frameworks */ = {isa = PBXBuildFile; fileRef = 650123701E375B87007A12AD /* Alamofire.framework */; settings = {ATTRIBUTES = (CodeSignOnCopy, RemoveHeadersOnCopy, ); }; };
		650123741E375B8F007A12AD /* AlamofireImage.framework in Frameworks */ = {isa = PBXBuildFile; fileRef = 650123731E375B8F007A12AD /* AlamofireImage.framework */; };
		650123751E375B8F007A12AD /* AlamofireImage.framework in Embed Frameworks */ = {isa = PBXBuildFile; fileRef = 650123731E375B8F007A12AD /* AlamofireImage.framework */; settings = {ATTRIBUTES = (CodeSignOnCopy, RemoveHeadersOnCopy, ); }; };
		650123771E375CBB007A12AD /* CellBuilder.swift in Sources */ = {isa = PBXBuildFile; fileRef = 650123761E375CBB007A12AD /* CellBuilder.swift */; };
		650123791E3762DE007A12AD /* DownloadImage.swift in Sources */ = {isa = PBXBuildFile; fileRef = 650123781E3762DE007A12AD /* DownloadImage.swift */; };
		654BF6E51E27F12900A82610 /* Game.swift in Sources */ = {isa = PBXBuildFile; fileRef = 654BF6E41E27F12900A82610 /* Game.swift */; };
		654BF6E81E27F55900A82610 /* GameTableViewController.swift in Sources */ = {isa = PBXBuildFile; fileRef = 654BF6E61E27F55900A82610 /* GameTableViewController.swift */; };
		654BF6E91E27F55900A82610 /* GameTableViewController.xib in Resources */ = {isa = PBXBuildFile; fileRef = 654BF6E71E27F55900A82610 /* GameTableViewController.xib */; };
		654BF6F01E28E6E500A82610 /* GameCellTableViewCell.swift in Sources */ = {isa = PBXBuildFile; fileRef = 654BF6EE1E28E6E500A82610 /* GameCellTableViewCell.swift */; };
		654BF6F11E28E6E500A82610 /* GameCellTableViewCell.xib in Resources */ = {isa = PBXBuildFile; fileRef = 654BF6EF1E28E6E500A82610 /* GameCellTableViewCell.xib */; };
		654BF7001E29343E00A82610 /* Argo.framework in Frameworks */ = {isa = PBXBuildFile; fileRef = 654BF6FF1E29343E00A82610 /* Argo.framework */; };
		654BF7011E29343E00A82610 /* Argo.framework in Embed Frameworks */ = {isa = PBXBuildFile; fileRef = 654BF6FF1E29343E00A82610 /* Argo.framework */; settings = {ATTRIBUTES = (CodeSignOnCopy, RemoveHeadersOnCopy, ); }; };
		654BF7041E29344700A82610 /* Runes.framework in Frameworks */ = {isa = PBXBuildFile; fileRef = 654BF7031E29344700A82610 /* Runes.framework */; };
		654BF7051E29344700A82610 /* Runes.framework in Embed Frameworks */ = {isa = PBXBuildFile; fileRef = 654BF7031E29344700A82610 /* Runes.framework */; settings = {ATTRIBUTES = (CodeSignOnCopy, RemoveHeadersOnCopy, ); }; };
		654BF7071E29344B00A82610 /* Curry.framework in Frameworks */ = {isa = PBXBuildFile; fileRef = 654BF7061E29344B00A82610 /* Curry.framework */; };
		654BF7081E29344B00A82610 /* Curry.framework in Embed Frameworks */ = {isa = PBXBuildFile; fileRef = 654BF7061E29344B00A82610 /* Curry.framework */; settings = {ATTRIBUTES = (CodeSignOnCopy, RemoveHeadersOnCopy, ); }; };
		656763451E2FEB650095AFAD /* DecodeJSON.swift in Sources */ = {isa = PBXBuildFile; fileRef = 656763441E2FEB650095AFAD /* DecodeJSON.swift */; };
		656C38FF1E27D1FC0095EDBC /* AppDelegate.swift in Sources */ = {isa = PBXBuildFile; fileRef = 656C38FE1E27D1FC0095EDBC /* AppDelegate.swift */; };
		656C39011E27D1FC0095EDBC /* HomePageViewController.swift in Sources */ = {isa = PBXBuildFile; fileRef = 656C39001E27D1FC0095EDBC /* HomePageViewController.swift */; };
		656C39061E27D1FC0095EDBC /* Assets.xcassets in Resources */ = {isa = PBXBuildFile; fileRef = 656C39051E27D1FC0095EDBC /* Assets.xcassets */; };
		656C39091E27D1FC0095EDBC /* LaunchScreen.storyboard in Resources */ = {isa = PBXBuildFile; fileRef = 656C39071E27D1FC0095EDBC /* LaunchScreen.storyboard */; };
		656C39111E27E2DF0095EDBC /* HomePageViewController.xib in Resources */ = {isa = PBXBuildFile; fileRef = 656C39101E27E2DF0095EDBC /* HomePageViewController.xib */; };
		65B2DEF61E2CEA0900C3DE70 /* GameDescriptionTableViewController.swift in Sources */ = {isa = PBXBuildFile; fileRef = 65B2DEF41E2CEA0900C3DE70 /* GameDescriptionTableViewController.swift */; };
		65B2DEF71E2CEA0900C3DE70 /* GameDescriptionTableViewController.xib in Resources */ = {isa = PBXBuildFile; fileRef = 65B2DEF51E2CEA0900C3DE70 /* GameDescriptionTableViewController.xib */; };
		65B2DEFC1E2CFC2100C3DE70 /* NamePhotoTableViewCell.swift in Sources */ = {isa = PBXBuildFile; fileRef = 65B2DEFA1E2CFC2100C3DE70 /* NamePhotoTableViewCell.swift */; };
		65B2DEFD1E2CFC2100C3DE70 /* NamePhotoTableViewCell.xib in Resources */ = {isa = PBXBuildFile; fileRef = 65B2DEFB1E2CFC2100C3DE70 /* NamePhotoTableViewCell.xib */; };
		65B2DF001E2CFD2900C3DE70 /* SummaryTableViewCell.swift in Sources */ = {isa = PBXBuildFile; fileRef = 65B2DEFE1E2CFD2900C3DE70 /* SummaryTableViewCell.swift */; };
		65B2DF011E2CFD2900C3DE70 /* SummaryTableViewCell.xib in Resources */ = {isa = PBXBuildFile; fileRef = 65B2DEFF1E2CFD2900C3DE70 /* SummaryTableViewCell.xib */; };
		65B2DF041E2CFE9B00C3DE70 /* CompanyTableViewCell.swift in Sources */ = {isa = PBXBuildFile; fileRef = 65B2DF021E2CFE9B00C3DE70 /* CompanyTableViewCell.swift */; };
		65B2DF051E2CFE9B00C3DE70 /* CompanyTableViewCell.xib in Resources */ = {isa = PBXBuildFile; fileRef = 65B2DF031E2CFE9B00C3DE70 /* CompanyTableViewCell.xib */; };
		65B2DF081E2CFFA200C3DE70 /* PublishedTableViewCell.swift in Sources */ = {isa = PBXBuildFile; fileRef = 65B2DF061E2CFFA200C3DE70 /* PublishedTableViewCell.swift */; };
		65B2DF091E2CFFA200C3DE70 /* PublishedTableViewCell.xib in Resources */ = {isa = PBXBuildFile; fileRef = 65B2DF071E2CFFA200C3DE70 /* PublishedTableViewCell.xib */; };
		65B2DF0C1E2D009500C3DE70 /* PlatformTableViewCell.swift in Sources */ = {isa = PBXBuildFile; fileRef = 65B2DF0A1E2D009500C3DE70 /* PlatformTableViewCell.swift */; };
		65B2DF0D1E2D009500C3DE70 /* PlatformTableViewCell.xib in Resources */ = {isa = PBXBuildFile; fileRef = 65B2DF0B1E2D009500C3DE70 /* PlatformTableViewCell.xib */; };
		65B2DF141E2D036D00C3DE70 /* RatingTableViewCell.swift in Sources */ = {isa = PBXBuildFile; fileRef = 65B2DF121E2D036D00C3DE70 /* RatingTableViewCell.swift */; };
		65B2DF151E2D036D00C3DE70 /* RatingTableViewCell.xib in Resources */ = {isa = PBXBuildFile; fileRef = 65B2DF131E2D036D00C3DE70 /* RatingTableViewCell.xib */; };
/* End PBXBuildFile section */

/* Begin PBXCopyFilesBuildPhase section */
		654BF7021E29343E00A82610 /* Embed Frameworks */ = {
			isa = PBXCopyFilesBuildPhase;
			buildActionMask = 2147483647;
			dstPath = "";
			dstSubfolderSpec = 10;
			files = (
				654BF7051E29344700A82610 /* Runes.framework in Embed Frameworks */,
				650123751E375B8F007A12AD /* AlamofireImage.framework in Embed Frameworks */,
				654BF7011E29343E00A82610 /* Argo.framework in Embed Frameworks */,
				654BF7081E29344B00A82610 /* Curry.framework in Embed Frameworks */,
				650123721E375B87007A12AD /* Alamofire.framework in Embed Frameworks */,
			);
			name = "Embed Frameworks";
			runOnlyForDeploymentPostprocessing = 0;
		};
/* End PBXCopyFilesBuildPhase section */

/* Begin PBXFileReference section */
		650123701E375B87007A12AD /* Alamofire.framework */ = {isa = PBXFileReference; lastKnownFileType = wrapper.framework; name = Alamofire.framework; path = Carthage/Build/iOS/Alamofire.framework; sourceTree = "<group>"; };
		650123731E375B8F007A12AD /* AlamofireImage.framework */ = {isa = PBXFileReference; lastKnownFileType = wrapper.framework; name = AlamofireImage.framework; path = Carthage/Build/iOS/AlamofireImage.framework; sourceTree = "<group>"; };
		650123761E375CBB007A12AD /* CellBuilder.swift */ = {isa = PBXFileReference; fileEncoding = 4; lastKnownFileType = sourcecode.swift; path = CellBuilder.swift; sourceTree = "<group>"; };
		650123781E3762DE007A12AD /* DownloadImage.swift */ = {isa = PBXFileReference; fileEncoding = 4; lastKnownFileType = sourcecode.swift; path = DownloadImage.swift; sourceTree = "<group>"; };
		654BF6E41E27F12900A82610 /* Game.swift */ = {isa = PBXFileReference; fileEncoding = 4; lastKnownFileType = sourcecode.swift; path = Game.swift; sourceTree = "<group>"; };
		654BF6E61E27F55900A82610 /* GameTableViewController.swift */ = {isa = PBXFileReference; fileEncoding = 4; lastKnownFileType = sourcecode.swift; path = GameTableViewController.swift; sourceTree = "<group>"; };
		654BF6E71E27F55900A82610 /* GameTableViewController.xib */ = {isa = PBXFileReference; fileEncoding = 4; lastKnownFileType = file.xib; path = GameTableViewController.xib; sourceTree = "<group>"; };
		654BF6EE1E28E6E500A82610 /* GameCellTableViewCell.swift */ = {isa = PBXFileReference; fileEncoding = 4; lastKnownFileType = sourcecode.swift; path = GameCellTableViewCell.swift; sourceTree = "<group>"; };
		654BF6EF1E28E6E500A82610 /* GameCellTableViewCell.xib */ = {isa = PBXFileReference; fileEncoding = 4; lastKnownFileType = file.xib; path = GameCellTableViewCell.xib; sourceTree = "<group>"; };
		654BF6F31E29252000A82610 /* Runes.framework */ = {isa = PBXFileReference; lastKnownFileType = wrapper.framework; name = Runes.framework; path = Carthage/Build/iOS/Runes.framework; sourceTree = "<group>"; };
		654BF6F51E29252200A82610 /* Argo.framework */ = {isa = PBXFileReference; lastKnownFileType = wrapper.framework; name = Argo.framework; path = Carthage/Build/iOS/Argo.framework; sourceTree = "<group>"; };
		654BF6F71E29305D00A82610 /* Curry.framework */ = {isa = PBXFileReference; lastKnownFileType = wrapper.framework; name = Curry.framework; path = Carthage/Build/iOS/Curry.framework; sourceTree = "<group>"; };
		654BF6FF1E29343E00A82610 /* Argo.framework */ = {isa = PBXFileReference; lastKnownFileType = wrapper.framework; name = Argo.framework; path = Carthage/Build/iOS/Argo.framework; sourceTree = "<group>"; };
		654BF7031E29344700A82610 /* Runes.framework */ = {isa = PBXFileReference; lastKnownFileType = wrapper.framework; name = Runes.framework; path = Carthage/Build/iOS/Runes.framework; sourceTree = "<group>"; };
		654BF7061E29344B00A82610 /* Curry.framework */ = {isa = PBXFileReference; lastKnownFileType = wrapper.framework; name = Curry.framework; path = Carthage/Build/iOS/Curry.framework; sourceTree = "<group>"; };
		656763441E2FEB650095AFAD /* DecodeJSON.swift */ = {isa = PBXFileReference; fileEncoding = 4; lastKnownFileType = sourcecode.swift; path = DecodeJSON.swift; sourceTree = "<group>"; };
		656C38FB1E27D1FC0095EDBC /* Find The Fun.app */ = {isa = PBXFileReference; explicitFileType = wrapper.application; includeInIndex = 0; path = "Find The Fun.app"; sourceTree = BUILT_PRODUCTS_DIR; };
		656C38FE1E27D1FC0095EDBC /* AppDelegate.swift */ = {isa = PBXFileReference; lastKnownFileType = sourcecode.swift; path = AppDelegate.swift; sourceTree = "<group>"; };
		656C39001E27D1FC0095EDBC /* HomePageViewController.swift */ = {isa = PBXFileReference; lastKnownFileType = sourcecode.swift; path = HomePageViewController.swift; sourceTree = "<group>"; };
		656C39051E27D1FC0095EDBC /* Assets.xcassets */ = {isa = PBXFileReference; lastKnownFileType = folder.assetcatalog; path = Assets.xcassets; sourceTree = "<group>"; };
		656C39081E27D1FC0095EDBC /* Base */ = {isa = PBXFileReference; lastKnownFileType = file.storyboard; name = Base; path = Base.lproj/LaunchScreen.storyboard; sourceTree = "<group>"; };
		656C390A1E27D1FC0095EDBC /* Info.plist */ = {isa = PBXFileReference; lastKnownFileType = text.plist.xml; path = Info.plist; sourceTree = "<group>"; };
		656C39101E27E2DF0095EDBC /* HomePageViewController.xib */ = {isa = PBXFileReference; fileEncoding = 4; lastKnownFileType = file.xib; path = HomePageViewController.xib; sourceTree = "<group>"; };
		65B2DEF41E2CEA0900C3DE70 /* GameDescriptionTableViewController.swift */ = {isa = PBXFileReference; fileEncoding = 4; lastKnownFileType = sourcecode.swift; path = GameDescriptionTableViewController.swift; sourceTree = "<group>"; };
		65B2DEF51E2CEA0900C3DE70 /* GameDescriptionTableViewController.xib */ = {isa = PBXFileReference; fileEncoding = 4; lastKnownFileType = file.xib; path = GameDescriptionTableViewController.xib; sourceTree = "<group>"; };
		65B2DEFA1E2CFC2100C3DE70 /* NamePhotoTableViewCell.swift */ = {isa = PBXFileReference; fileEncoding = 4; lastKnownFileType = sourcecode.swift; path = NamePhotoTableViewCell.swift; sourceTree = "<group>"; };
		65B2DEFB1E2CFC2100C3DE70 /* NamePhotoTableViewCell.xib */ = {isa = PBXFileReference; fileEncoding = 4; lastKnownFileType = file.xib; path = NamePhotoTableViewCell.xib; sourceTree = "<group>"; };
		65B2DEFE1E2CFD2900C3DE70 /* SummaryTableViewCell.swift */ = {isa = PBXFileReference; fileEncoding = 4; lastKnownFileType = sourcecode.swift; path = SummaryTableViewCell.swift; sourceTree = "<group>"; };
		65B2DEFF1E2CFD2900C3DE70 /* SummaryTableViewCell.xib */ = {isa = PBXFileReference; fileEncoding = 4; lastKnownFileType = file.xib; path = SummaryTableViewCell.xib; sourceTree = "<group>"; };
		65B2DF021E2CFE9B00C3DE70 /* CompanyTableViewCell.swift */ = {isa = PBXFileReference; fileEncoding = 4; lastKnownFileType = sourcecode.swift; path = CompanyTableViewCell.swift; sourceTree = "<group>"; };
		65B2DF031E2CFE9B00C3DE70 /* CompanyTableViewCell.xib */ = {isa = PBXFileReference; fileEncoding = 4; lastKnownFileType = file.xib; path = CompanyTableViewCell.xib; sourceTree = "<group>"; };
		65B2DF061E2CFFA200C3DE70 /* PublishedTableViewCell.swift */ = {isa = PBXFileReference; fileEncoding = 4; lastKnownFileType = sourcecode.swift; path = PublishedTableViewCell.swift; sourceTree = "<group>"; };
		65B2DF071E2CFFA200C3DE70 /* PublishedTableViewCell.xib */ = {isa = PBXFileReference; fileEncoding = 4; lastKnownFileType = file.xib; path = PublishedTableViewCell.xib; sourceTree = "<group>"; };
		65B2DF0A1E2D009500C3DE70 /* PlatformTableViewCell.swift */ = {isa = PBXFileReference; fileEncoding = 4; lastKnownFileType = sourcecode.swift; path = PlatformTableViewCell.swift; sourceTree = "<group>"; };
		65B2DF0B1E2D009500C3DE70 /* PlatformTableViewCell.xib */ = {isa = PBXFileReference; fileEncoding = 4; lastKnownFileType = file.xib; path = PlatformTableViewCell.xib; sourceTree = "<group>"; };
		65B2DF121E2D036D00C3DE70 /* RatingTableViewCell.swift */ = {isa = PBXFileReference; fileEncoding = 4; lastKnownFileType = sourcecode.swift; path = RatingTableViewCell.swift; sourceTree = "<group>"; };
		65B2DF131E2D036D00C3DE70 /* RatingTableViewCell.xib */ = {isa = PBXFileReference; fileEncoding = 4; lastKnownFileType = file.xib; path = RatingTableViewCell.xib; sourceTree = "<group>"; };
/* End PBXFileReference section */

/* Begin PBXFrameworksBuildPhase section */
		656C38F81E27D1FC0095EDBC /* Frameworks */ = {
			isa = PBXFrameworksBuildPhase;
			buildActionMask = 2147483647;
			files = (
				654BF7041E29344700A82610 /* Runes.framework in Frameworks */,
				650123741E375B8F007A12AD /* AlamofireImage.framework in Frameworks */,
				654BF7001E29343E00A82610 /* Argo.framework in Frameworks */,
				654BF7071E29344B00A82610 /* Curry.framework in Frameworks */,
				650123711E375B87007A12AD /* Alamofire.framework in Frameworks */,
			);
			runOnlyForDeploymentPostprocessing = 0;
		};
/* End PBXFrameworksBuildPhase section */

/* Begin PBXGroup section */
		654BF6F21E29252000A82610 /* Frameworks */ = {
			isa = PBXGroup;
			children = (
				654BF6F71E29305D00A82610 /* Curry.framework */,
				654BF6F51E29252200A82610 /* Argo.framework */,
				654BF6F31E29252000A82610 /* Runes.framework */,
			);
			name = Frameworks;
			sourceTree = "<group>";
		};
		656C38F21E27D1FC0095EDBC = {
			isa = PBXGroup;
			children = (
				650123731E375B8F007A12AD /* AlamofireImage.framework */,
				650123701E375B87007A12AD /* Alamofire.framework */,
				654BF7061E29344B00A82610 /* Curry.framework */,
				654BF7031E29344700A82610 /* Runes.framework */,
				654BF6FF1E29343E00A82610 /* Argo.framework */,
				656C38FD1E27D1FC0095EDBC /* Find The Fun */,
				656C38FC1E27D1FC0095EDBC /* Products */,
				654BF6F21E29252000A82610 /* Frameworks */,
			);
			sourceTree = "<group>";
		};
		656C38FC1E27D1FC0095EDBC /* Products */ = {
			isa = PBXGroup;
			children = (
				656C38FB1E27D1FC0095EDBC /* Find The Fun.app */,
			);
			name = Products;
			sourceTree = "<group>";
		};
		656C38FD1E27D1FC0095EDBC /* Find The Fun */ = {
			isa = PBXGroup;
			children = (
				656C38FE1E27D1FC0095EDBC /* AppDelegate.swift */,
				656C39051E27D1FC0095EDBC /* Assets.xcassets */,
				656C39071E27D1FC0095EDBC /* LaunchScreen.storyboard */,
				656C390A1E27D1FC0095EDBC /* Info.plist */,
				656C39001E27D1FC0095EDBC /* HomePageViewController.swift */,
				656C39101E27E2DF0095EDBC /* HomePageViewController.xib */,
				654BF6E41E27F12900A82610 /* Game.swift */,
				650123761E375CBB007A12AD /* CellBuilder.swift */,
				656763441E2FEB650095AFAD /* DecodeJSON.swift */,
				650123781E3762DE007A12AD /* DownloadImage.swift */,
				65B2DEF81E2CFB7500C3DE70 /* Games TableView  */,
				65B2DEF91E2CFB9900C3DE70 /* Description Table View */,
			);
			path = "Find The Fun";
			sourceTree = "<group>";
		};
		65B2DEF81E2CFB7500C3DE70 /* Games TableView  */ = {
			isa = PBXGroup;
			children = (
				654BF6E61E27F55900A82610 /* GameTableViewController.swift */,
				654BF6E71E27F55900A82610 /* GameTableViewController.xib */,
				654BF6EE1E28E6E500A82610 /* GameCellTableViewCell.swift */,
				654BF6EF1E28E6E500A82610 /* GameCellTableViewCell.xib */,
			);
			name = "Games TableView ";
			sourceTree = "<group>";
		};
		65B2DEF91E2CFB9900C3DE70 /* Description Table View */ = {
			isa = PBXGroup;
			children = (
				65B2DEF41E2CEA0900C3DE70 /* GameDescriptionTableViewController.swift */,
				65B2DEF51E2CEA0900C3DE70 /* GameDescriptionTableViewController.xib */,
				65B2DEFA1E2CFC2100C3DE70 /* NamePhotoTableViewCell.swift */,
				65B2DEFB1E2CFC2100C3DE70 /* NamePhotoTableViewCell.xib */,
				65B2DEFE1E2CFD2900C3DE70 /* SummaryTableViewCell.swift */,
				65B2DEFF1E2CFD2900C3DE70 /* SummaryTableViewCell.xib */,
				65B2DF021E2CFE9B00C3DE70 /* CompanyTableViewCell.swift */,
				65B2DF031E2CFE9B00C3DE70 /* CompanyTableViewCell.xib */,
				65B2DF061E2CFFA200C3DE70 /* PublishedTableViewCell.swift */,
				65B2DF071E2CFFA200C3DE70 /* PublishedTableViewCell.xib */,
				65B2DF0A1E2D009500C3DE70 /* PlatformTableViewCell.swift */,
				65B2DF0B1E2D009500C3DE70 /* PlatformTableViewCell.xib */,
				65B2DF121E2D036D00C3DE70 /* RatingTableViewCell.swift */,
				65B2DF131E2D036D00C3DE70 /* RatingTableViewCell.xib */,
			);
			name = "Description Table View";
			sourceTree = "<group>";
		};
/* End PBXGroup section */

/* Begin PBXNativeTarget section */
		656C38FA1E27D1FC0095EDBC /* Find The Fun */ = {
			isa = PBXNativeTarget;
			buildConfigurationList = 656C390D1E27D1FC0095EDBC /* Build configuration list for PBXNativeTarget "Find The Fun" */;
			buildPhases = (
				656C38F71E27D1FC0095EDBC /* Sources */,
				656C38F81E27D1FC0095EDBC /* Frameworks */,
				656C38F91E27D1FC0095EDBC /* Resources */,
				654BF7021E29343E00A82610 /* Embed Frameworks */,
				654BF7091E29349100A82610 /* ShellScript */,
			);
			buildRules = (
			);
			dependencies = (
			);
			name = "Find The Fun";
			productName = "Find The Fun";
			productReference = 656C38FB1E27D1FC0095EDBC /* Find The Fun.app */;
			productType = "com.apple.product-type.application";
		};
/* End PBXNativeTarget section */

/* Begin PBXProject section */
		656C38F31E27D1FC0095EDBC /* Project object */ = {
			isa = PBXProject;
			attributes = {
				LastSwiftUpdateCheck = 0820;
				LastUpgradeCheck = 0820;
				ORGANIZATIONNAME = Andrea;
				TargetAttributes = {
					656C38FA1E27D1FC0095EDBC = {
						CreatedOnToolsVersion = 8.2.1;
						DevelopmentTeam = EUQ43QLTML;
						ProvisioningStyle = Automatic;
					};
				};
			};
			buildConfigurationList = 656C38F61E27D1FC0095EDBC /* Build configuration list for PBXProject "Find The Fun" */;
			compatibilityVersion = "Xcode 3.2";
			developmentRegion = English;
			hasScannedForEncodings = 0;
			knownRegions = (
				en,
				Base,
			);
			mainGroup = 656C38F21E27D1FC0095EDBC;
			productRefGroup = 656C38FC1E27D1FC0095EDBC /* Products */;
			projectDirPath = "";
			projectRoot = "";
			targets = (
				656C38FA1E27D1FC0095EDBC /* Find The Fun */,
			);
		};
/* End PBXProject section */

/* Begin PBXResourcesBuildPhase section */
		656C38F91E27D1FC0095EDBC /* Resources */ = {
			isa = PBXResourcesBuildPhase;
			buildActionMask = 2147483647;
			files = (
				65B2DF0D1E2D009500C3DE70 /* PlatformTableViewCell.xib in Resources */,
				656C39091E27D1FC0095EDBC /* LaunchScreen.storyboard in Resources */,
				654BF6E91E27F55900A82610 /* GameTableViewController.xib in Resources */,
				65B2DF011E2CFD2900C3DE70 /* SummaryTableViewCell.xib in Resources */,
				656C39111E27E2DF0095EDBC /* HomePageViewController.xib in Resources */,
				65B2DF151E2D036D00C3DE70 /* RatingTableViewCell.xib in Resources */,
				654BF6F11E28E6E500A82610 /* GameCellTableViewCell.xib in Resources */,
				65B2DEFD1E2CFC2100C3DE70 /* NamePhotoTableViewCell.xib in Resources */,
				65B2DF051E2CFE9B00C3DE70 /* CompanyTableViewCell.xib in Resources */,
				65B2DEF71E2CEA0900C3DE70 /* GameDescriptionTableViewController.xib in Resources */,
				65B2DF091E2CFFA200C3DE70 /* PublishedTableViewCell.xib in Resources */,
				656C39061E27D1FC0095EDBC /* Assets.xcassets in Resources */,
			);
			runOnlyForDeploymentPostprocessing = 0;
		};
/* End PBXResourcesBuildPhase section */

/* Begin PBXShellScriptBuildPhase section */
		654BF7091E29349100A82610 /* ShellScript */ = {
			isa = PBXShellScriptBuildPhase;
			buildActionMask = 2147483647;
			files = (
			);
			inputPaths = (
				"$(SRCROOT)/Carthage/Build/iOS/Curry.framework",
				"$(SRCROOT)/Carthage/Build/iOS/Runes.framework",
				"$(SRCROOT)/Carthage/Build/iOS/Argo.framework",
			);
			outputPaths = (
			);
			runOnlyForDeploymentPostprocessing = 0;
			shellPath = /bin/sh;
			shellScript = "/usr/local/bin/carthage copy-frameworks";
		};
/* End PBXShellScriptBuildPhase section */

/* Begin PBXSourcesBuildPhase section */
		656C38F71E27D1FC0095EDBC /* Sources */ = {
			isa = PBXSourcesBuildPhase;
			buildActionMask = 2147483647;
			files = (
				650123771E375CBB007A12AD /* CellBuilder.swift in Sources */,
				656C39011E27D1FC0095EDBC /* HomePageViewController.swift in Sources */,
				654BF6E81E27F55900A82610 /* GameTableViewController.swift in Sources */,
				656763451E2FEB650095AFAD /* DecodeJSON.swift in Sources */,
				65B2DF081E2CFFA200C3DE70 /* PublishedTableViewCell.swift in Sources */,
				65B2DF041E2CFE9B00C3DE70 /* CompanyTableViewCell.swift in Sources */,
				654BF6F01E28E6E500A82610 /* GameCellTableViewCell.swift in Sources */,
				65B2DF0C1E2D009500C3DE70 /* PlatformTableViewCell.swift in Sources */,
				65B2DF001E2CFD2900C3DE70 /* SummaryTableViewCell.swift in Sources */,
				65B2DEF61E2CEA0900C3DE70 /* GameDescriptionTableViewController.swift in Sources */,
				65B2DEFC1E2CFC2100C3DE70 /* NamePhotoTableViewCell.swift in Sources */,
				654BF6E51E27F12900A82610 /* Game.swift in Sources */,
				656C38FF1E27D1FC0095EDBC /* AppDelegate.swift in Sources */,
				650123791E3762DE007A12AD /* DownloadImage.swift in Sources */,
				65B2DF141E2D036D00C3DE70 /* RatingTableViewCell.swift in Sources */,
			);
			runOnlyForDeploymentPostprocessing = 0;
		};
/* End PBXSourcesBuildPhase section */

/* Begin PBXVariantGroup section */
		656C39071E27D1FC0095EDBC /* LaunchScreen.storyboard */ = {
			isa = PBXVariantGroup;
			children = (
				656C39081E27D1FC0095EDBC /* Base */,
			);
			name = LaunchScreen.storyboard;
			sourceTree = "<group>";
		};
/* End PBXVariantGroup section */

/* Begin XCBuildConfiguration section */
		656C390B1E27D1FC0095EDBC /* Debug */ = {
			isa = XCBuildConfiguration;
			buildSettings = {
				ALWAYS_SEARCH_USER_PATHS = NO;
				CLANG_ANALYZER_NONNULL = YES;
				CLANG_CXX_LANGUAGE_STANDARD = "gnu++0x";
				CLANG_CXX_LIBRARY = "libc++";
				CLANG_ENABLE_MODULES = YES;
				CLANG_ENABLE_OBJC_ARC = YES;
				CLANG_WARN_BOOL_CONVERSION = YES;
				CLANG_WARN_CONSTANT_CONVERSION = YES;
				CLANG_WARN_DIRECT_OBJC_ISA_USAGE = YES_ERROR;
				CLANG_WARN_DOCUMENTATION_COMMENTS = YES;
				CLANG_WARN_EMPTY_BODY = YES;
				CLANG_WARN_ENUM_CONVERSION = YES;
				CLANG_WARN_INFINITE_RECURSION = YES;
				CLANG_WARN_INT_CONVERSION = YES;
				CLANG_WARN_OBJC_ROOT_CLASS = YES_ERROR;
				CLANG_WARN_SUSPICIOUS_MOVE = YES;
				CLANG_WARN_UNREACHABLE_CODE = YES;
				CLANG_WARN__DUPLICATE_METHOD_MATCH = YES;
				"CODE_SIGN_IDENTITY[sdk=iphoneos*]" = "iPhone Developer";
				COPY_PHASE_STRIP = NO;
				DEBUG_INFORMATION_FORMAT = dwarf;
				ENABLE_STRICT_OBJC_MSGSEND = YES;
				ENABLE_TESTABILITY = YES;
				GCC_C_LANGUAGE_STANDARD = gnu99;
				GCC_DYNAMIC_NO_PIC = NO;
				GCC_NO_COMMON_BLOCKS = YES;
				GCC_OPTIMIZATION_LEVEL = 0;
				GCC_PREPROCESSOR_DEFINITIONS = (
					"DEBUG=1",
					"$(inherited)",
				);
				GCC_WARN_64_TO_32_BIT_CONVERSION = YES;
				GCC_WARN_ABOUT_RETURN_TYPE = YES_ERROR;
				GCC_WARN_UNDECLARED_SELECTOR = YES;
				GCC_WARN_UNINITIALIZED_AUTOS = YES_AGGRESSIVE;
				GCC_WARN_UNUSED_FUNCTION = YES;
				GCC_WARN_UNUSED_VARIABLE = YES;
				IPHONEOS_DEPLOYMENT_TARGET = 10.2;
				MTL_ENABLE_DEBUG_INFO = YES;
				ONLY_ACTIVE_ARCH = YES;
				SDKROOT = iphoneos;
				SWIFT_ACTIVE_COMPILATION_CONDITIONS = DEBUG;
				SWIFT_OPTIMIZATION_LEVEL = "-Onone";
				TARGETED_DEVICE_FAMILY = "1,2";
			};
			name = Debug;
		};
		656C390C1E27D1FC0095EDBC /* Release */ = {
			isa = XCBuildConfiguration;
			buildSettings = {
				ALWAYS_SEARCH_USER_PATHS = NO;
				CLANG_ANALYZER_NONNULL = YES;
				CLANG_CXX_LANGUAGE_STANDARD = "gnu++0x";
				CLANG_CXX_LIBRARY = "libc++";
				CLANG_ENABLE_MODULES = YES;
				CLANG_ENABLE_OBJC_ARC = YES;
				CLANG_WARN_BOOL_CONVERSION = YES;
				CLANG_WARN_CONSTANT_CONVERSION = YES;
				CLANG_WARN_DIRECT_OBJC_ISA_USAGE = YES_ERROR;
				CLANG_WARN_DOCUMENTATION_COMMENTS = YES;
				CLANG_WARN_EMPTY_BODY = YES;
				CLANG_WARN_ENUM_CONVERSION = YES;
				CLANG_WARN_INFINITE_RECURSION = YES;
				CLANG_WARN_INT_CONVERSION = YES;
				CLANG_WARN_OBJC_ROOT_CLASS = YES_ERROR;
				CLANG_WARN_SUSPICIOUS_MOVE = YES;
				CLANG_WARN_UNREACHABLE_CODE = YES;
				CLANG_WARN__DUPLICATE_METHOD_MATCH = YES;
				"CODE_SIGN_IDENTITY[sdk=iphoneos*]" = "iPhone Developer";
				COPY_PHASE_STRIP = NO;
				DEBUG_INFORMATION_FORMAT = "dwarf-with-dsym";
				ENABLE_NS_ASSERTIONS = NO;
				ENABLE_STRICT_OBJC_MSGSEND = YES;
				GCC_C_LANGUAGE_STANDARD = gnu99;
				GCC_NO_COMMON_BLOCKS = YES;
				GCC_WARN_64_TO_32_BIT_CONVERSION = YES;
				GCC_WARN_ABOUT_RETURN_TYPE = YES_ERROR;
				GCC_WARN_UNDECLARED_SELECTOR = YES;
				GCC_WARN_UNINITIALIZED_AUTOS = YES_AGGRESSIVE;
				GCC_WARN_UNUSED_FUNCTION = YES;
				GCC_WARN_UNUSED_VARIABLE = YES;
				IPHONEOS_DEPLOYMENT_TARGET = 10.2;
				MTL_ENABLE_DEBUG_INFO = NO;
				SDKROOT = iphoneos;
				SWIFT_OPTIMIZATION_LEVEL = "-Owholemodule";
				TARGETED_DEVICE_FAMILY = "1,2";
				VALIDATE_PRODUCT = YES;
			};
			name = Release;
		};
		656C390E1E27D1FC0095EDBC /* Debug */ = {
			isa = XCBuildConfiguration;
			buildSettings = {
				ASSETCATALOG_COMPILER_APPICON_NAME = AppIcon;
				DEVELOPMENT_TEAM = EUQ43QLTML;
				FRAMEWORK_SEARCH_PATHS = (
					"$(inherited)",
					"$(PROJECT_DIR)/Carthage/Build/iOS",
				);
				INFOPLIST_FILE = "Find The Fun/Info.plist";
				LD_RUNPATH_SEARCH_PATHS = "$(inherited) @executable_path/Frameworks";
				PRODUCT_BUNDLE_IDENTIFIER = "com.developer.andrea.Find-The-Fun";
				PRODUCT_NAME = "$(TARGET_NAME)";
				SWIFT_VERSION = 3.0;
			};
			name = Debug;
		};
		656C390F1E27D1FC0095EDBC /* Release */ = {
			isa = XCBuildConfiguration;
			buildSettings = {
				ASSETCATALOG_COMPILER_APPICON_NAME = AppIcon;
				DEVELOPMENT_TEAM = EUQ43QLTML;
				FRAMEWORK_SEARCH_PATHS = (
					"$(inherited)",
					"$(PROJECT_DIR)/Carthage/Build/iOS",
				);
				INFOPLIST_FILE = "Find The Fun/Info.plist";
				LD_RUNPATH_SEARCH_PATHS = "$(inherited) @executable_path/Frameworks";
				PRODUCT_BUNDLE_IDENTIFIER = "com.developer.andrea.Find-The-Fun";
				PRODUCT_NAME = "$(TARGET_NAME)";
				SWIFT_VERSION = 3.0;
			};
			name = Release;
		};
/* End XCBuildConfiguration section */

/* Begin XCConfigurationList section */
		656C38F61E27D1FC0095EDBC /* Build configuration list for PBXProject "Find The Fun" */ = {
			isa = XCConfigurationList;
			buildConfigurations = (
				656C390B1E27D1FC0095EDBC /* Debug */,
				656C390C1E27D1FC0095EDBC /* Release */,
			);
			defaultConfigurationIsVisible = 0;
			defaultConfigurationName = Release;
		};
		656C390D1E27D1FC0095EDBC /* Build configuration list for PBXNativeTarget "Find The Fun" */ = {
			isa = XCConfigurationList;
			buildConfigurations = (
				656C390E1E27D1FC0095EDBC /* Debug */,
				656C390F1E27D1FC0095EDBC /* Release */,
			);
			defaultConfigurationIsVisible = 0;
			defaultConfigurationName = Release;
		};
/* End XCConfigurationList section */
	};
	rootObject = 656C38F31E27D1FC0095EDBC /* Project object */;
}
